// !$*UTF8*$!
{
	archiveVersion = 1;
	classes = {
	};
	objectVersion = 46;
	objects = {

/* Begin PBXBuildFile section */
		36B89C651B351A3C00EC78AB /* PBTale.storyboard in Resources */ = {isa = PBXBuildFile; fileRef = 36B89C631B351A3C00EC78AB /* PBTale.storyboard */; };
		36B89C671B351A3C00EC78AB /* Images.xcassets in Resources */ = {isa = PBXBuildFile; fileRef = 36B89C661B351A3C00EC78AB /* Images.xcassets */; };
		36B89C6A1B351A3C00EC78AB /* LaunchScreen.xib in Resources */ = {isa = PBXBuildFile; fileRef = 36B89C681B351A3C00EC78AB /* LaunchScreen.xib */; };
		36B89C761B351A3C00EC78AB /* PhotoBoardTests.m in Sources */ = {isa = PBXBuildFile; fileRef = 36B89C751B351A3C00EC78AB /* PhotoBoardTests.m */; };
		36B89C851B351B7C00EC78AB /* AppDelegate.m in Sources */ = {isa = PBXBuildFile; fileRef = 36B89C841B351B7C00EC78AB /* AppDelegate.m */; };
		36B89C881B351B8500EC78AB /* PBTaleListViewController.m in Sources */ = {isa = PBXBuildFile; fileRef = 36B89C871B351B8500EC78AB /* PBTaleListViewController.m */; };
		36B89C8C1B351B9000EC78AB /* main.m in Sources */ = {isa = PBXBuildFile; fileRef = 36B89C8A1B351B9000EC78AB /* main.m */; };
		36B89C921B351E3C00EC78AB /* PhotoBoard.xcdatamodeld in Sources */ = {isa = PBXBuildFile; fileRef = 36B89C901B351E3C00EC78AB /* PhotoBoard.xcdatamodeld */; };
		36B89CA61B351FB500EC78AB /* ELCAlbumPickerController.m in Sources */ = {isa = PBXBuildFile; fileRef = 36B89C951B351FB500EC78AB /* ELCAlbumPickerController.m */; };
		36B89CA71B351FB500EC78AB /* ELCAsset.m in Sources */ = {isa = PBXBuildFile; fileRef = 36B89C971B351FB500EC78AB /* ELCAsset.m */; };
		36B89CA81B351FB500EC78AB /* ELCAssetCell.m in Sources */ = {isa = PBXBuildFile; fileRef = 36B89C991B351FB500EC78AB /* ELCAssetCell.m */; };
		36B89CA91B351FB500EC78AB /* ELCAssetTablePicker.m in Sources */ = {isa = PBXBuildFile; fileRef = 36B89C9D1B351FB500EC78AB /* ELCAssetTablePicker.m */; };
		36B89CAA1B351FB500EC78AB /* ELCConsole.m in Sources */ = {isa = PBXBuildFile; fileRef = 36B89C9F1B351FB500EC78AB /* ELCConsole.m */; };
		36B89CAB1B351FB500EC78AB /* ELCImagePickerController.m in Sources */ = {isa = PBXBuildFile; fileRef = 36B89CA11B351FB500EC78AB /* ELCImagePickerController.m */; };
		36B89CAC1B351FB500EC78AB /* ELCOverlayImageView.m in Sources */ = {isa = PBXBuildFile; fileRef = 36B89CA41B351FB500EC78AB /* ELCOverlayImageView.m */; };
		36B89CB31B351FCF00EC78AB /* ELCAlbumPickerController.xib in Resources */ = {isa = PBXBuildFile; fileRef = 36B89CAE1B351FCF00EC78AB /* ELCAlbumPickerController.xib */; };
		36B89CB41B351FCF00EC78AB /* ELCAssetPicker.xib in Resources */ = {isa = PBXBuildFile; fileRef = 36B89CAF1B351FCF00EC78AB /* ELCAssetPicker.xib */; };
		36B89CB51B351FCF00EC78AB /* ELCAssetTablePicker.xib in Resources */ = {isa = PBXBuildFile; fileRef = 36B89CB01B351FCF00EC78AB /* ELCAssetTablePicker.xib */; };
		36B89CB61B351FCF00EC78AB /* Overlay.png in Resources */ = {isa = PBXBuildFile; fileRef = 36B89CB11B351FCF00EC78AB /* Overlay.png */; };
		36B89CB71B351FCF00EC78AB /* Overlay@2x.png in Resources */ = {isa = PBXBuildFile; fileRef = 36B89CB21B351FCF00EC78AB /* Overlay@2x.png */; };
		36B89CC01B3525F200EC78AB /* PBWireframe.m in Sources */ = {isa = PBXBuildFile; fileRef = 36B89CBF1B3525F200EC78AB /* PBWireframe.m */; };
		36B89CC31B352F8300EC78AB /* PBTaleDetailViewController.m in Sources */ = {isa = PBXBuildFile; fileRef = 36B89CC21B352F8300EC78AB /* PBTaleDetailViewController.m */; };
		36B89CC81B35305F00EC78AB /* PBSceneListView.m in Sources */ = {isa = PBXBuildFile; fileRef = 36B89CC71B35305F00EC78AB /* PBSceneListView.m */; };
		36B89CCA1B35308600EC78AB /* PBSceneListView.xib in Resources */ = {isa = PBXBuildFile; fileRef = 36B89CC91B35308600EC78AB /* PBSceneListView.xib */; };
		36B89CCF1B3531C900EC78AB /* PBSceneCell.m in Sources */ = {isa = PBXBuildFile; fileRef = 36B89CCD1B3531C900EC78AB /* PBSceneCell.m */; };
		36B89CD21B3531DE00EC78AB /* PBSceneCell.xib in Resources */ = {isa = PBXBuildFile; fileRef = 36B89CD11B3531DE00EC78AB /* PBSceneCell.xib */; };
		36B89CD61B35368400EC78AB /* PBSceneInfo.m in Sources */ = {isa = PBXBuildFile; fileRef = 36B89CD51B35368400EC78AB /* PBSceneInfo.m */; };
		36B89CDA1B35388B00EC78AB /* PBAssetsLibraryUtil.m in Sources */ = {isa = PBXBuildFile; fileRef = 36B89CD91B35388B00EC78AB /* PBAssetsLibraryUtil.m */; };
		36B89CF31B35407100EC78AB /* MASCompositeConstraint.m in Sources */ = {isa = PBXBuildFile; fileRef = 36B89CDD1B35407100EC78AB /* MASCompositeConstraint.m */; };
		36B89CF41B35407100EC78AB /* MASConstraint.m in Sources */ = {isa = PBXBuildFile; fileRef = 36B89CDF1B35407100EC78AB /* MASConstraint.m */; };
		36B89CF51B35407100EC78AB /* MASConstraintMaker.m in Sources */ = {isa = PBXBuildFile; fileRef = 36B89CE21B35407100EC78AB /* MASConstraintMaker.m */; };
		36B89CF61B35407100EC78AB /* MASLayoutConstraint.m in Sources */ = {isa = PBXBuildFile; fileRef = 36B89CE41B35407100EC78AB /* MASLayoutConstraint.m */; };
		36B89CF71B35407100EC78AB /* MASViewAttribute.m in Sources */ = {isa = PBXBuildFile; fileRef = 36B89CE81B35407100EC78AB /* MASViewAttribute.m */; };
		36B89CF81B35407100EC78AB /* MASViewConstraint.m in Sources */ = {isa = PBXBuildFile; fileRef = 36B89CEA1B35407100EC78AB /* MASViewConstraint.m */; };
		36B89CF91B35407100EC78AB /* NSArray+MASAdditions.m in Sources */ = {isa = PBXBuildFile; fileRef = 36B89CEC1B35407100EC78AB /* NSArray+MASAdditions.m */; };
		36B89CFA1B35407100EC78AB /* NSLayoutConstraint+MASDebugAdditions.m in Sources */ = {isa = PBXBuildFile; fileRef = 36B89CEF1B35407100EC78AB /* NSLayoutConstraint+MASDebugAdditions.m */; };
		36B89CFB1B35407100EC78AB /* View+MASAdditions.m in Sources */ = {isa = PBXBuildFile; fileRef = 36B89CF11B35407100EC78AB /* View+MASAdditions.m */; };
		36B89D001B35437400EC78AB /* PBTaleGroupPresenter.m in Sources */ = {isa = PBXBuildFile; fileRef = 36B89CFF1B35437400EC78AB /* PBTaleGroupPresenter.m */; };
		36B89D031B35438300EC78AB /* PBSceneGroupPresenter.m in Sources */ = {isa = PBXBuildFile; fileRef = 36B89D021B35438300EC78AB /* PBSceneGroupPresenter.m */; };
		36B89D061B35447800EC78AB /* PBConstants.m in Sources */ = {isa = PBXBuildFile; fileRef = 36B89D051B35447800EC78AB /* PBConstants.m */; };
		36B89D101B3555D000EC78AB /* PBScene.m in Sources */ = {isa = PBXBuildFile; fileRef = 36B89D0D1B3555D000EC78AB /* PBScene.m */; };
		36B89D111B3555D000EC78AB /* PBTale.m in Sources */ = {isa = PBXBuildFile; fileRef = 36B89D0F1B3555D000EC78AB /* PBTale.m */; };
		36B89D711B355CE600EC78AB /* PBDataManager.m in Sources */ = {isa = PBXBuildFile; fileRef = 36B89D701B355CE600EC78AB /* PBDataManager.m */; };
		36B89D751B355F5B00EC78AB /* PBTale+Utility.m in Sources */ = {isa = PBXBuildFile; fileRef = 36B89D741B355F5B00EC78AB /* PBTale+Utility.m */; };
		36B89D781B355F6B00EC78AB /* PBScene+Utility.m in Sources */ = {isa = PBXBuildFile; fileRef = 36B89D771B355F6B00EC78AB /* PBScene+Utility.m */; };
		36B89D7B1B3560D300EC78AB /* PBTale+DataManager.m in Sources */ = {isa = PBXBuildFile; fileRef = 36B89D7A1B3560D300EC78AB /* PBTale+DataManager.m */; };
		36B89D7E1B35616400EC78AB /* PBTaleInfo.m in Sources */ = {isa = PBXBuildFile; fileRef = 36B89D7D1B35616400EC78AB /* PBTaleInfo.m */; };
		39999594F5D8C92FB4FF417B /* libPods.a in Frameworks */ = {isa = PBXBuildFile; fileRef = 7B8FE003769036AEB2E25705 /* libPods.a */; };
/* End PBXBuildFile section */

/* Begin PBXContainerItemProxy section */
		36B89C701B351A3C00EC78AB /* PBXContainerItemProxy */ = {
			isa = PBXContainerItemProxy;
			containerPortal = 36B89C4E1B351A3B00EC78AB /* Project object */;
			proxyType = 1;
			remoteGlobalIDString = 36B89C551B351A3C00EC78AB;
			remoteInfo = PhotoBoard;
		};
/* End PBXContainerItemProxy section */

/* Begin PBXFileReference section */
		36B89C561B351A3C00EC78AB /* PhotoBoard.app */ = {isa = PBXFileReference; explicitFileType = wrapper.application; includeInIndex = 0; path = PhotoBoard.app; sourceTree = BUILT_PRODUCTS_DIR; };
		36B89C641B351A3C00EC78AB /* Base */ = {isa = PBXFileReference; lastKnownFileType = file.storyboard; name = Base; path = Base.lproj/PBTale.storyboard; sourceTree = "<group>"; };
		36B89C661B351A3C00EC78AB /* Images.xcassets */ = {isa = PBXFileReference; lastKnownFileType = folder.assetcatalog; path = Images.xcassets; sourceTree = "<group>"; };
		36B89C691B351A3C00EC78AB /* Base */ = {isa = PBXFileReference; lastKnownFileType = file.xib; name = Base; path = Base.lproj/LaunchScreen.xib; sourceTree = "<group>"; };
		36B89C6F1B351A3C00EC78AB /* PhotoBoardTests.xctest */ = {isa = PBXFileReference; explicitFileType = wrapper.cfbundle; includeInIndex = 0; path = PhotoBoardTests.xctest; sourceTree = BUILT_PRODUCTS_DIR; };
		36B89C741B351A3C00EC78AB /* Info.plist */ = {isa = PBXFileReference; lastKnownFileType = text.plist.xml; path = Info.plist; sourceTree = "<group>"; };
		36B89C751B351A3C00EC78AB /* PhotoBoardTests.m */ = {isa = PBXFileReference; lastKnownFileType = sourcecode.c.objc; path = PhotoBoardTests.m; sourceTree = "<group>"; };
		36B89C831B351B7C00EC78AB /* AppDelegate.h */ = {isa = PBXFileReference; fileEncoding = 4; lastKnownFileType = sourcecode.c.h; name = AppDelegate.h; path = Classes/Application/AppDelegate.h; sourceTree = "<group>"; };
		36B89C841B351B7C00EC78AB /* AppDelegate.m */ = {isa = PBXFileReference; fileEncoding = 4; lastKnownFileType = sourcecode.c.objc; name = AppDelegate.m; path = Classes/Application/AppDelegate.m; sourceTree = "<group>"; };
		36B89C861B351B8500EC78AB /* PBTaleListViewController.h */ = {isa = PBXFileReference; fileEncoding = 4; lastKnownFileType = sourcecode.c.h; name = PBTaleListViewController.h; path = Classes/Views/PBTaleListViewController.h; sourceTree = "<group>"; };
		36B89C871B351B8500EC78AB /* PBTaleListViewController.m */ = {isa = PBXFileReference; fileEncoding = 4; lastKnownFileType = sourcecode.c.objc; name = PBTaleListViewController.m; path = Classes/Views/PBTaleListViewController.m; sourceTree = "<group>"; };
		36B89C891B351B9000EC78AB /* Info.plist */ = {isa = PBXFileReference; fileEncoding = 4; lastKnownFileType = text.plist.xml; name = Info.plist; path = SupportingFiles/Info.plist; sourceTree = "<group>"; };
		36B89C8A1B351B9000EC78AB /* main.m */ = {isa = PBXFileReference; fileEncoding = 4; lastKnownFileType = sourcecode.c.objc; name = main.m; path = SupportingFiles/main.m; sourceTree = "<group>"; };
		36B89C8D1B351D9200EC78AB /* README.md */ = {isa = PBXFileReference; fileEncoding = 4; lastKnownFileType = net.daringfireball.markdown; path = README.md; sourceTree = SOURCE_ROOT; };
		36B89C911B351E3C00EC78AB /* PhotoBoard.xcdatamodel */ = {isa = PBXFileReference; lastKnownFileType = wrapper.xcdatamodel; path = PhotoBoard.xcdatamodel; sourceTree = "<group>"; };
		36B89C941B351FB500EC78AB /* ELCAlbumPickerController.h */ = {isa = PBXFileReference; fileEncoding = 4; lastKnownFileType = sourcecode.c.h; name = ELCAlbumPickerController.h; path = Classes/ELCImagePicker/ELCAlbumPickerController.h; sourceTree = "<group>"; };
		36B89C951B351FB500EC78AB /* ELCAlbumPickerController.m */ = {isa = PBXFileReference; fileEncoding = 4; lastKnownFileType = sourcecode.c.objc; name = ELCAlbumPickerController.m; path = Classes/ELCImagePicker/ELCAlbumPickerController.m; sourceTree = "<group>"; };
		36B89C961B351FB500EC78AB /* ELCAsset.h */ = {isa = PBXFileReference; fileEncoding = 4; lastKnownFileType = sourcecode.c.h; name = ELCAsset.h; path = Classes/ELCImagePicker/ELCAsset.h; sourceTree = "<group>"; };
		36B89C971B351FB500EC78AB /* ELCAsset.m */ = {isa = PBXFileReference; fileEncoding = 4; lastKnownFileType = sourcecode.c.objc; name = ELCAsset.m; path = Classes/ELCImagePicker/ELCAsset.m; sourceTree = "<group>"; };
		36B89C981B351FB500EC78AB /* ELCAssetCell.h */ = {isa = PBXFileReference; fileEncoding = 4; lastKnownFileType = sourcecode.c.h; name = ELCAssetCell.h; path = Classes/ELCImagePicker/ELCAssetCell.h; sourceTree = "<group>"; };
		36B89C991B351FB500EC78AB /* ELCAssetCell.m */ = {isa = PBXFileReference; fileEncoding = 4; lastKnownFileType = sourcecode.c.objc; name = ELCAssetCell.m; path = Classes/ELCImagePicker/ELCAssetCell.m; sourceTree = "<group>"; };
		36B89C9A1B351FB500EC78AB /* ELCAssetPickerFilterDelegate.h */ = {isa = PBXFileReference; fileEncoding = 4; lastKnownFileType = sourcecode.c.h; name = ELCAssetPickerFilterDelegate.h; path = Classes/ELCImagePicker/ELCAssetPickerFilterDelegate.h; sourceTree = "<group>"; };
		36B89C9B1B351FB500EC78AB /* ELCAssetSelectionDelegate.h */ = {isa = PBXFileReference; fileEncoding = 4; lastKnownFileType = sourcecode.c.h; name = ELCAssetSelectionDelegate.h; path = Classes/ELCImagePicker/ELCAssetSelectionDelegate.h; sourceTree = "<group>"; };
		36B89C9C1B351FB500EC78AB /* ELCAssetTablePicker.h */ = {isa = PBXFileReference; fileEncoding = 4; lastKnownFileType = sourcecode.c.h; name = ELCAssetTablePicker.h; path = Classes/ELCImagePicker/ELCAssetTablePicker.h; sourceTree = "<group>"; };
		36B89C9D1B351FB500EC78AB /* ELCAssetTablePicker.m */ = {isa = PBXFileReference; fileEncoding = 4; lastKnownFileType = sourcecode.c.objc; name = ELCAssetTablePicker.m; path = Classes/ELCImagePicker/ELCAssetTablePicker.m; sourceTree = "<group>"; };
		36B89C9E1B351FB500EC78AB /* ELCConsole.h */ = {isa = PBXFileReference; fileEncoding = 4; lastKnownFileType = sourcecode.c.h; name = ELCConsole.h; path = Classes/ELCImagePicker/ELCConsole.h; sourceTree = "<group>"; };
		36B89C9F1B351FB500EC78AB /* ELCConsole.m */ = {isa = PBXFileReference; fileEncoding = 4; lastKnownFileType = sourcecode.c.objc; name = ELCConsole.m; path = Classes/ELCImagePicker/ELCConsole.m; sourceTree = "<group>"; };
		36B89CA01B351FB500EC78AB /* ELCImagePickerController.h */ = {isa = PBXFileReference; fileEncoding = 4; lastKnownFileType = sourcecode.c.h; name = ELCImagePickerController.h; path = Classes/ELCImagePicker/ELCImagePickerController.h; sourceTree = "<group>"; };
		36B89CA11B351FB500EC78AB /* ELCImagePickerController.m */ = {isa = PBXFileReference; fileEncoding = 4; lastKnownFileType = sourcecode.c.objc; name = ELCImagePickerController.m; path = Classes/ELCImagePicker/ELCImagePickerController.m; sourceTree = "<group>"; };
		36B89CA21B351FB500EC78AB /* ELCImagePickerHeader.h */ = {isa = PBXFileReference; fileEncoding = 4; lastKnownFileType = sourcecode.c.h; name = ELCImagePickerHeader.h; path = Classes/ELCImagePicker/ELCImagePickerHeader.h; sourceTree = "<group>"; };
		36B89CA31B351FB500EC78AB /* ELCOverlayImageView.h */ = {isa = PBXFileReference; fileEncoding = 4; lastKnownFileType = sourcecode.c.h; name = ELCOverlayImageView.h; path = Classes/ELCImagePicker/ELCOverlayImageView.h; sourceTree = "<group>"; };
		36B89CA41B351FB500EC78AB /* ELCOverlayImageView.m */ = {isa = PBXFileReference; fileEncoding = 4; lastKnownFileType = sourcecode.c.objc; name = ELCOverlayImageView.m; path = Classes/ELCImagePicker/ELCOverlayImageView.m; sourceTree = "<group>"; };
		36B89CAE1B351FCF00EC78AB /* ELCAlbumPickerController.xib */ = {isa = PBXFileReference; fileEncoding = 4; lastKnownFileType = file.xib; name = ELCAlbumPickerController.xib; path = Classes/ELCImagePicker/Resources/ELCAlbumPickerController.xib; sourceTree = "<group>"; };
		36B89CAF1B351FCF00EC78AB /* ELCAssetPicker.xib */ = {isa = PBXFileReference; fileEncoding = 4; lastKnownFileType = file.xib; name = ELCAssetPicker.xib; path = Classes/ELCImagePicker/Resources/ELCAssetPicker.xib; sourceTree = "<group>"; };
		36B89CB01B351FCF00EC78AB /* ELCAssetTablePicker.xib */ = {isa = PBXFileReference; fileEncoding = 4; lastKnownFileType = file.xib; name = ELCAssetTablePicker.xib; path = Classes/ELCImagePicker/Resources/ELCAssetTablePicker.xib; sourceTree = "<group>"; };
		36B89CB11B351FCF00EC78AB /* Overlay.png */ = {isa = PBXFileReference; lastKnownFileType = image.png; name = Overlay.png; path = Classes/ELCImagePicker/Resources/Overlay.png; sourceTree = "<group>"; };
		36B89CB21B351FCF00EC78AB /* Overlay@2x.png */ = {isa = PBXFileReference; lastKnownFileType = image.png; name = "Overlay@2x.png"; path = "Classes/ELCImagePicker/Resources/Overlay@2x.png"; sourceTree = "<group>"; };
		36B89CBE1B3525F200EC78AB /* PBWireframe.h */ = {isa = PBXFileReference; fileEncoding = 4; lastKnownFileType = sourcecode.c.h; name = PBWireframe.h; path = Classes/Routing/PBWireframe.h; sourceTree = "<group>"; };
		36B89CBF1B3525F200EC78AB /* PBWireframe.m */ = {isa = PBXFileReference; fileEncoding = 4; lastKnownFileType = sourcecode.c.objc; name = PBWireframe.m; path = Classes/Routing/PBWireframe.m; sourceTree = "<group>"; };
		36B89CC11B352F8300EC78AB /* PBTaleDetailViewController.h */ = {isa = PBXFileReference; fileEncoding = 4; lastKnownFileType = sourcecode.c.h; name = PBTaleDetailViewController.h; path = Classes/Views/PBTaleDetailViewController.h; sourceTree = "<group>"; };
		36B89CC21B352F8300EC78AB /* PBTaleDetailViewController.m */ = {isa = PBXFileReference; fileEncoding = 4; lastKnownFileType = sourcecode.c.objc; name = PBTaleDetailViewController.m; path = Classes/Views/PBTaleDetailViewController.m; sourceTree = "<group>"; };
		36B89CC61B35305F00EC78AB /* PBSceneListView.h */ = {isa = PBXFileReference; fileEncoding = 4; lastKnownFileType = sourcecode.c.h; name = PBSceneListView.h; path = Classes/Views/PBSceneListView.h; sourceTree = "<group>"; };
		36B89CC71B35305F00EC78AB /* PBSceneListView.m */ = {isa = PBXFileReference; fileEncoding = 4; lastKnownFileType = sourcecode.c.objc; name = PBSceneListView.m; path = Classes/Views/PBSceneListView.m; sourceTree = "<group>"; };
		36B89CC91B35308600EC78AB /* PBSceneListView.xib */ = {isa = PBXFileReference; fileEncoding = 4; lastKnownFileType = file.xib; name = PBSceneListView.xib; path = XIBs/PBSceneListView.xib; sourceTree = "<group>"; };
		36B89CCC1B3531C900EC78AB /* PBSceneCell.h */ = {isa = PBXFileReference; fileEncoding = 4; lastKnownFileType = sourcecode.c.h; name = PBSceneCell.h; path = Classes/Views/PBSceneCell.h; sourceTree = "<group>"; };
		36B89CCD1B3531C900EC78AB /* PBSceneCell.m */ = {isa = PBXFileReference; fileEncoding = 4; lastKnownFileType = sourcecode.c.objc; name = PBSceneCell.m; path = Classes/Views/PBSceneCell.m; sourceTree = "<group>"; };
		36B89CD11B3531DE00EC78AB /* PBSceneCell.xib */ = {isa = PBXFileReference; fileEncoding = 4; lastKnownFileType = file.xib; name = PBSceneCell.xib; path = XIBs/PBSceneCell.xib; sourceTree = "<group>"; };
		36B89CD41B35368400EC78AB /* PBSceneInfo.h */ = {isa = PBXFileReference; fileEncoding = 4; lastKnownFileType = sourcecode.c.h; name = PBSceneInfo.h; path = Classes/DTOs/PBSceneInfo.h; sourceTree = "<group>"; };
		36B89CD51B35368400EC78AB /* PBSceneInfo.m */ = {isa = PBXFileReference; fileEncoding = 4; lastKnownFileType = sourcecode.c.objc; name = PBSceneInfo.m; path = Classes/DTOs/PBSceneInfo.m; sourceTree = "<group>"; };
		36B89CD81B35388B00EC78AB /* PBAssetsLibraryUtil.h */ = {isa = PBXFileReference; fileEncoding = 4; lastKnownFileType = sourcecode.c.h; name = PBAssetsLibraryUtil.h; path = Classes/Utilities/PBAssetsLibraryUtil.h; sourceTree = "<group>"; };
		36B89CD91B35388B00EC78AB /* PBAssetsLibraryUtil.m */ = {isa = PBXFileReference; fileEncoding = 4; lastKnownFileType = sourcecode.c.objc; name = PBAssetsLibraryUtil.m; path = Classes/Utilities/PBAssetsLibraryUtil.m; sourceTree = "<group>"; };
		36B89CDC1B35407100EC78AB /* MASCompositeConstraint.h */ = {isa = PBXFileReference; fileEncoding = 4; lastKnownFileType = sourcecode.c.h; name = MASCompositeConstraint.h; path = Classes/Masonry/MASCompositeConstraint.h; sourceTree = "<group>"; };
		36B89CDD1B35407100EC78AB /* MASCompositeConstraint.m */ = {isa = PBXFileReference; fileEncoding = 4; lastKnownFileType = sourcecode.c.objc; name = MASCompositeConstraint.m; path = Classes/Masonry/MASCompositeConstraint.m; sourceTree = "<group>"; };
		36B89CDE1B35407100EC78AB /* MASConstraint.h */ = {isa = PBXFileReference; fileEncoding = 4; lastKnownFileType = sourcecode.c.h; name = MASConstraint.h; path = Classes/Masonry/MASConstraint.h; sourceTree = "<group>"; };
		36B89CDF1B35407100EC78AB /* MASConstraint.m */ = {isa = PBXFileReference; fileEncoding = 4; lastKnownFileType = sourcecode.c.objc; name = MASConstraint.m; path = Classes/Masonry/MASConstraint.m; sourceTree = "<group>"; };
		36B89CE01B35407100EC78AB /* MASConstraint+Private.h */ = {isa = PBXFileReference; fileEncoding = 4; lastKnownFileType = sourcecode.c.h; name = "MASConstraint+Private.h"; path = "Classes/Masonry/MASConstraint+Private.h"; sourceTree = "<group>"; };
		36B89CE11B35407100EC78AB /* MASConstraintMaker.h */ = {isa = PBXFileReference; fileEncoding = 4; lastKnownFileType = sourcecode.c.h; name = MASConstraintMaker.h; path = Classes/Masonry/MASConstraintMaker.h; sourceTree = "<group>"; };
		36B89CE21B35407100EC78AB /* MASConstraintMaker.m */ = {isa = PBXFileReference; fileEncoding = 4; lastKnownFileType = sourcecode.c.objc; name = MASConstraintMaker.m; path = Classes/Masonry/MASConstraintMaker.m; sourceTree = "<group>"; };
		36B89CE31B35407100EC78AB /* MASLayoutConstraint.h */ = {isa = PBXFileReference; fileEncoding = 4; lastKnownFileType = sourcecode.c.h; name = MASLayoutConstraint.h; path = Classes/Masonry/MASLayoutConstraint.h; sourceTree = "<group>"; };
		36B89CE41B35407100EC78AB /* MASLayoutConstraint.m */ = {isa = PBXFileReference; fileEncoding = 4; lastKnownFileType = sourcecode.c.objc; name = MASLayoutConstraint.m; path = Classes/Masonry/MASLayoutConstraint.m; sourceTree = "<group>"; };
		36B89CE51B35407100EC78AB /* Masonry.h */ = {isa = PBXFileReference; fileEncoding = 4; lastKnownFileType = sourcecode.c.h; name = Masonry.h; path = Classes/Masonry/Masonry.h; sourceTree = "<group>"; };
		36B89CE61B35407100EC78AB /* MASUtilities.h */ = {isa = PBXFileReference; fileEncoding = 4; lastKnownFileType = sourcecode.c.h; name = MASUtilities.h; path = Classes/Masonry/MASUtilities.h; sourceTree = "<group>"; };
		36B89CE71B35407100EC78AB /* MASViewAttribute.h */ = {isa = PBXFileReference; fileEncoding = 4; lastKnownFileType = sourcecode.c.h; name = MASViewAttribute.h; path = Classes/Masonry/MASViewAttribute.h; sourceTree = "<group>"; };
		36B89CE81B35407100EC78AB /* MASViewAttribute.m */ = {isa = PBXFileReference; fileEncoding = 4; lastKnownFileType = sourcecode.c.objc; name = MASViewAttribute.m; path = Classes/Masonry/MASViewAttribute.m; sourceTree = "<group>"; };
		36B89CE91B35407100EC78AB /* MASViewConstraint.h */ = {isa = PBXFileReference; fileEncoding = 4; lastKnownFileType = sourcecode.c.h; name = MASViewConstraint.h; path = Classes/Masonry/MASViewConstraint.h; sourceTree = "<group>"; };
		36B89CEA1B35407100EC78AB /* MASViewConstraint.m */ = {isa = PBXFileReference; fileEncoding = 4; lastKnownFileType = sourcecode.c.objc; name = MASViewConstraint.m; path = Classes/Masonry/MASViewConstraint.m; sourceTree = "<group>"; };
		36B89CEB1B35407100EC78AB /* NSArray+MASAdditions.h */ = {isa = PBXFileReference; fileEncoding = 4; lastKnownFileType = sourcecode.c.h; name = "NSArray+MASAdditions.h"; path = "Classes/Masonry/NSArray+MASAdditions.h"; sourceTree = "<group>"; };
		36B89CEC1B35407100EC78AB /* NSArray+MASAdditions.m */ = {isa = PBXFileReference; fileEncoding = 4; lastKnownFileType = sourcecode.c.objc; name = "NSArray+MASAdditions.m"; path = "Classes/Masonry/NSArray+MASAdditions.m"; sourceTree = "<group>"; };
		36B89CED1B35407100EC78AB /* NSArray+MASShorthandAdditions.h */ = {isa = PBXFileReference; fileEncoding = 4; lastKnownFileType = sourcecode.c.h; name = "NSArray+MASShorthandAdditions.h"; path = "Classes/Masonry/NSArray+MASShorthandAdditions.h"; sourceTree = "<group>"; };
		36B89CEE1B35407100EC78AB /* NSLayoutConstraint+MASDebugAdditions.h */ = {isa = PBXFileReference; fileEncoding = 4; lastKnownFileType = sourcecode.c.h; name = "NSLayoutConstraint+MASDebugAdditions.h"; path = "Classes/Masonry/NSLayoutConstraint+MASDebugAdditions.h"; sourceTree = "<group>"; };
		36B89CEF1B35407100EC78AB /* NSLayoutConstraint+MASDebugAdditions.m */ = {isa = PBXFileReference; fileEncoding = 4; lastKnownFileType = sourcecode.c.objc; name = "NSLayoutConstraint+MASDebugAdditions.m"; path = "Classes/Masonry/NSLayoutConstraint+MASDebugAdditions.m"; sourceTree = "<group>"; };
		36B89CF01B35407100EC78AB /* View+MASAdditions.h */ = {isa = PBXFileReference; fileEncoding = 4; lastKnownFileType = sourcecode.c.h; name = "View+MASAdditions.h"; path = "Classes/Masonry/View+MASAdditions.h"; sourceTree = "<group>"; };
		36B89CF11B35407100EC78AB /* View+MASAdditions.m */ = {isa = PBXFileReference; fileEncoding = 4; lastKnownFileType = sourcecode.c.objc; name = "View+MASAdditions.m"; path = "Classes/Masonry/View+MASAdditions.m"; sourceTree = "<group>"; };
		36B89CF21B35407100EC78AB /* View+MASShorthandAdditions.h */ = {isa = PBXFileReference; fileEncoding = 4; lastKnownFileType = sourcecode.c.h; name = "View+MASShorthandAdditions.h"; path = "Classes/Masonry/View+MASShorthandAdditions.h"; sourceTree = "<group>"; };
		36B89CFE1B35437400EC78AB /* PBTaleGroupPresenter.h */ = {isa = PBXFileReference; fileEncoding = 4; lastKnownFileType = sourcecode.c.h; name = PBTaleGroupPresenter.h; path = Classes/Presenters/PBTaleGroupPresenter.h; sourceTree = "<group>"; };
		36B89CFF1B35437400EC78AB /* PBTaleGroupPresenter.m */ = {isa = PBXFileReference; fileEncoding = 4; lastKnownFileType = sourcecode.c.objc; name = PBTaleGroupPresenter.m; path = Classes/Presenters/PBTaleGroupPresenter.m; sourceTree = "<group>"; };
		36B89D011B35438300EC78AB /* PBSceneGroupPresenter.h */ = {isa = PBXFileReference; fileEncoding = 4; lastKnownFileType = sourcecode.c.h; name = PBSceneGroupPresenter.h; path = Classes/Presenters/PBSceneGroupPresenter.h; sourceTree = "<group>"; };
		36B89D021B35438300EC78AB /* PBSceneGroupPresenter.m */ = {isa = PBXFileReference; fileEncoding = 4; lastKnownFileType = sourcecode.c.objc; name = PBSceneGroupPresenter.m; path = Classes/Presenters/PBSceneGroupPresenter.m; sourceTree = "<group>"; };
		36B89D041B35447800EC78AB /* PBConstants.h */ = {isa = PBXFileReference; fileEncoding = 4; lastKnownFileType = sourcecode.c.h; name = PBConstants.h; path = Classes/Application/PBConstants.h; sourceTree = "<group>"; };
		36B89D051B35447800EC78AB /* PBConstants.m */ = {isa = PBXFileReference; fileEncoding = 4; lastKnownFileType = sourcecode.c.objc; name = PBConstants.m; path = Classes/Application/PBConstants.m; sourceTree = "<group>"; };
		36B89D091B35453900EC78AB /* PBTaleListInterface.h */ = {isa = PBXFileReference; fileEncoding = 4; lastKnownFileType = sourcecode.c.h; name = PBTaleListInterface.h; path = Classes/ViewInterfaces/PBTaleListInterface.h; sourceTree = "<group>"; };
		36B89D0A1B35454C00EC78AB /* PBSceneListInterface.h */ = {isa = PBXFileReference; fileEncoding = 4; lastKnownFileType = sourcecode.c.h; name = PBSceneListInterface.h; path = Classes/ViewInterfaces/PBSceneListInterface.h; sourceTree = "<group>"; };
		36B89D0C1B3555D000EC78AB /* PBScene.h */ = {isa = PBXFileReference; fileEncoding = 4; lastKnownFileType = sourcecode.c.h; name = PBScene.h; path = Classes/Models/PBScene.h; sourceTree = "<group>"; };
		36B89D0D1B3555D000EC78AB /* PBScene.m */ = {isa = PBXFileReference; fileEncoding = 4; lastKnownFileType = sourcecode.c.objc; name = PBScene.m; path = Classes/Models/PBScene.m; sourceTree = "<group>"; };
		36B89D0E1B3555D000EC78AB /* PBTale.h */ = {isa = PBXFileReference; fileEncoding = 4; lastKnownFileType = sourcecode.c.h; name = PBTale.h; path = Classes/Models/PBTale.h; sourceTree = "<group>"; };
		36B89D0F1B3555D000EC78AB /* PBTale.m */ = {isa = PBXFileReference; fileEncoding = 4; lastKnownFileType = sourcecode.c.objc; name = PBTale.m; path = Classes/Models/PBTale.m; sourceTree = "<group>"; };
		36B89D6F1B355CE600EC78AB /* PBDataManager.h */ = {isa = PBXFileReference; fileEncoding = 4; lastKnownFileType = sourcecode.c.h; name = PBDataManager.h; path = Classes/Models/PBDataManager.h; sourceTree = "<group>"; };
		36B89D701B355CE600EC78AB /* PBDataManager.m */ = {isa = PBXFileReference; fileEncoding = 4; lastKnownFileType = sourcecode.c.objc; name = PBDataManager.m; path = Classes/Models/PBDataManager.m; sourceTree = "<group>"; };
		36B89D731B355F5B00EC78AB /* PBTale+Utility.h */ = {isa = PBXFileReference; fileEncoding = 4; lastKnownFileType = sourcecode.c.h; name = "PBTale+Utility.h"; path = "Classes/Models/PBTale+Utility.h"; sourceTree = "<group>"; };
		36B89D741B355F5B00EC78AB /* PBTale+Utility.m */ = {isa = PBXFileReference; fileEncoding = 4; lastKnownFileType = sourcecode.c.objc; name = "PBTale+Utility.m"; path = "Classes/Models/PBTale+Utility.m"; sourceTree = "<group>"; };
		36B89D761B355F6B00EC78AB /* PBScene+Utility.h */ = {isa = PBXFileReference; fileEncoding = 4; lastKnownFileType = sourcecode.c.h; name = "PBScene+Utility.h"; path = "Classes/Models/PBScene+Utility.h"; sourceTree = "<group>"; };
		36B89D771B355F6B00EC78AB /* PBScene+Utility.m */ = {isa = PBXFileReference; fileEncoding = 4; lastKnownFileType = sourcecode.c.objc; name = "PBScene+Utility.m"; path = "Classes/Models/PBScene+Utility.m"; sourceTree = "<group>"; };
		36B89D791B3560D300EC78AB /* PBTale+DataManager.h */ = {isa = PBXFileReference; fileEncoding = 4; lastKnownFileType = sourcecode.c.h; name = "PBTale+DataManager.h"; path = "Classes/Models/PBTale+DataManager.h"; sourceTree = "<group>"; };
		36B89D7A1B3560D300EC78AB /* PBTale+DataManager.m */ = {isa = PBXFileReference; fileEncoding = 4; lastKnownFileType = sourcecode.c.objc; name = "PBTale+DataManager.m"; path = "Classes/Models/PBTale+DataManager.m"; sourceTree = "<group>"; };
		36B89D7C1B35616400EC78AB /* PBTaleInfo.h */ = {isa = PBXFileReference; fileEncoding = 4; lastKnownFileType = sourcecode.c.h; name = PBTaleInfo.h; path = Classes/DTOs/PBTaleInfo.h; sourceTree = "<group>"; };
		36B89D7D1B35616400EC78AB /* PBTaleInfo.m */ = {isa = PBXFileReference; fileEncoding = 4; lastKnownFileType = sourcecode.c.objc; name = PBTaleInfo.m; path = Classes/DTOs/PBTaleInfo.m; sourceTree = "<group>"; };
		3B36DF2B9E1E20B34001075A /* Pods.release.xcconfig */ = {isa = PBXFileReference; includeInIndex = 1; lastKnownFileType = text.xcconfig; name = Pods.release.xcconfig; path = "Pods/Target Support Files/Pods/Pods.release.xcconfig"; sourceTree = "<group>"; };
		7B8FE003769036AEB2E25705 /* libPods.a */ = {isa = PBXFileReference; explicitFileType = archive.ar; includeInIndex = 0; path = libPods.a; sourceTree = BUILT_PRODUCTS_DIR; };
		E2D5366B08B1DC22AE534C5C /* Pods.debug.xcconfig */ = {isa = PBXFileReference; includeInIndex = 1; lastKnownFileType = text.xcconfig; name = Pods.debug.xcconfig; path = "Pods/Target Support Files/Pods/Pods.debug.xcconfig"; sourceTree = "<group>"; };
/* End PBXFileReference section */

/* Begin PBXFrameworksBuildPhase section */
		36B89C531B351A3C00EC78AB /* Frameworks */ = {
			isa = PBXFrameworksBuildPhase;
			buildActionMask = 2147483647;
			files = (
				39999594F5D8C92FB4FF417B /* libPods.a in Frameworks */,
			);
			runOnlyForDeploymentPostprocessing = 0;
		};
		36B89C6C1B351A3C00EC78AB /* Frameworks */ = {
			isa = PBXFrameworksBuildPhase;
			buildActionMask = 2147483647;
			files = (
			);
			runOnlyForDeploymentPostprocessing = 0;
		};
/* End PBXFrameworksBuildPhase section */

/* Begin PBXGroup section */
		0C2EC361E2E4AE6C078A71BE /* Pods */ = {
			isa = PBXGroup;
			children = (
				E2D5366B08B1DC22AE534C5C /* Pods.debug.xcconfig */,
				3B36DF2B9E1E20B34001075A /* Pods.release.xcconfig */,
			);
			name = Pods;
			sourceTree = "<group>";
		};
		36B89C4D1B351A3B00EC78AB = {
			isa = PBXGroup;
			children = (
				36B89C581B351A3C00EC78AB /* PhotoBoard */,
				36B89C721B351A3C00EC78AB /* PhotoBoardTests */,
				36B89C571B351A3C00EC78AB /* Products */,
				0C2EC361E2E4AE6C078A71BE /* Pods */,
				DBA997023C2FB3B8D1D567D8 /* Frameworks */,
			);
			sourceTree = "<group>";
		};
		36B89C571B351A3C00EC78AB /* Products */ = {
			isa = PBXGroup;
			children = (
				36B89C561B351A3C00EC78AB /* PhotoBoard.app */,
				36B89C6F1B351A3C00EC78AB /* PhotoBoardTests.xctest */,
			);
			name = Products;
			sourceTree = "<group>";
		};
		36B89C581B351A3C00EC78AB /* PhotoBoard */ = {
			isa = PBXGroup;
			children = (
				36B89C801B351A7700EC78AB /* Classes */,
				36B89C821B351A9800EC78AB /* Resources */,
				36B89C591B351A3C00EC78AB /* Supporting Files */,
				36B89C8D1B351D9200EC78AB /* README.md */,
			);
			path = PhotoBoard;
			sourceTree = "<group>";
		};
		36B89C591B351A3C00EC78AB /* Supporting Files */ = {
			isa = PBXGroup;
			children = (
				36B89C891B351B9000EC78AB /* Info.plist */,
				36B89C8A1B351B9000EC78AB /* main.m */,
			);
			name = "Supporting Files";
			sourceTree = "<group>";
		};
		36B89C721B351A3C00EC78AB /* PhotoBoardTests */ = {
			isa = PBXGroup;
			children = (
				36B89C751B351A3C00EC78AB /* PhotoBoardTests.m */,
				36B89C731B351A3C00EC78AB /* Supporting Files */,
			);
			path = PhotoBoardTests;
			sourceTree = "<group>";
		};
		36B89C731B351A3C00EC78AB /* Supporting Files */ = {
			isa = PBXGroup;
			children = (
				36B89C741B351A3C00EC78AB /* Info.plist */,
			);
			name = "Supporting Files";
			sourceTree = "<group>";
		};
		36B89C7F1B351A6600EC78AB /* Application */ = {
			isa = PBXGroup;
			children = (
				36B89C831B351B7C00EC78AB /* AppDelegate.h */,
				36B89C841B351B7C00EC78AB /* AppDelegate.m */,
				36B89D041B35447800EC78AB /* PBConstants.h */,
				36B89D051B35447800EC78AB /* PBConstants.m */,
			);
			name = Application;
			sourceTree = "<group>";
		};
		36B89C801B351A7700EC78AB /* Classes */ = {
			isa = PBXGroup;
			children = (
				36B89C7F1B351A6600EC78AB /* Application */,
				36B89C8F1B351DEE00EC78AB /* Models */,
				36B89C811B351A8300EC78AB /* Views */,
				36B89D071B35450800EC78AB /* View Interfaces */,
				36B89CFC1B35428E00EC78AB /* Presenters */,
				36B89CBD1B3525CD00EC78AB /* Routing */,
				36B89CD31B3535BD00EC78AB /* DTOs */,
				36B89CD71B3537F200EC78AB /* Utilities */,
				36B89CB91B351FEE00EC78AB /* Libraries */,
			);
			name = Classes;
			sourceTree = "<group>";
		};
		36B89C811B351A8300EC78AB /* Views */ = {
			isa = PBXGroup;
			children = (
				36B89CBA1B35211300EC78AB /* Tale */,
			);
			name = Views;
			sourceTree = "<group>";
		};
		36B89C821B351A9800EC78AB /* Resources */ = {
			isa = PBXGroup;
			children = (
				36B89C661B351A3C00EC78AB /* Images.xcassets */,
				36B89C681B351A3C00EC78AB /* LaunchScreen.xib */,
			);
			name = Resources;
			sourceTree = "<group>";
		};
		36B89C8F1B351DEE00EC78AB /* Models */ = {
			isa = PBXGroup;
			children = (
				36B89C901B351E3C00EC78AB /* PhotoBoard.xcdatamodeld */,
				36B89D0B1B35558B00EC78AB /* Managed Objects */,
				36B89D121B35562800EC78AB /* Data Manager */,
				36B89D721B355F3D00EC78AB /* Utility */,
			);
			name = Models;
			sourceTree = "<group>";
		};
		36B89C931B351FA000EC78AB /* ELCImagePicker */ = {
			isa = PBXGroup;
			children = (
				36B89C941B351FB500EC78AB /* ELCAlbumPickerController.h */,
				36B89C951B351FB500EC78AB /* ELCAlbumPickerController.m */,
				36B89C961B351FB500EC78AB /* ELCAsset.h */,
				36B89C971B351FB500EC78AB /* ELCAsset.m */,
				36B89C981B351FB500EC78AB /* ELCAssetCell.h */,
				36B89C991B351FB500EC78AB /* ELCAssetCell.m */,
				36B89C9A1B351FB500EC78AB /* ELCAssetPickerFilterDelegate.h */,
				36B89C9B1B351FB500EC78AB /* ELCAssetSelectionDelegate.h */,
				36B89C9C1B351FB500EC78AB /* ELCAssetTablePicker.h */,
				36B89C9D1B351FB500EC78AB /* ELCAssetTablePicker.m */,
				36B89C9E1B351FB500EC78AB /* ELCConsole.h */,
				36B89C9F1B351FB500EC78AB /* ELCConsole.m */,
				36B89CA01B351FB500EC78AB /* ELCImagePickerController.h */,
				36B89CA11B351FB500EC78AB /* ELCImagePickerController.m */,
				36B89CA21B351FB500EC78AB /* ELCImagePickerHeader.h */,
				36B89CA31B351FB500EC78AB /* ELCOverlayImageView.h */,
				36B89CA41B351FB500EC78AB /* ELCOverlayImageView.m */,
				36B89CB81B351FD500EC78AB /* Resources */,
			);
			name = ELCImagePicker;
			sourceTree = "<group>";
		};
		36B89CB81B351FD500EC78AB /* Resources */ = {
			isa = PBXGroup;
			children = (
				36B89CAE1B351FCF00EC78AB /* ELCAlbumPickerController.xib */,
				36B89CAF1B351FCF00EC78AB /* ELCAssetPicker.xib */,
				36B89CB01B351FCF00EC78AB /* ELCAssetTablePicker.xib */,
				36B89CB11B351FCF00EC78AB /* Overlay.png */,
				36B89CB21B351FCF00EC78AB /* Overlay@2x.png */,
			);
			name = Resources;
			sourceTree = "<group>";
		};
		36B89CB91B351FEE00EC78AB /* Libraries */ = {
			isa = PBXGroup;
			children = (
				36B89CDB1B35406100EC78AB /* Masonry */,
				36B89C931B351FA000EC78AB /* ELCImagePicker */,
			);
			name = Libraries;
			sourceTree = "<group>";
		};
		36B89CBA1B35211300EC78AB /* Tale */ = {
			isa = PBXGroup;
			children = (
				36B89C631B351A3C00EC78AB /* PBTale.storyboard */,
				36B89CBB1B35211F00EC78AB /* List */,
				36B89CBC1B35217700EC78AB /* Detail */,
				36B89CC41B352FF400EC78AB /* Components */,
			);
			name = Tale;
			sourceTree = "<group>";
		};
		36B89CBB1B35211F00EC78AB /* List */ = {
			isa = PBXGroup;
			children = (
				36B89C861B351B8500EC78AB /* PBTaleListViewController.h */,
				36B89C871B351B8500EC78AB /* PBTaleListViewController.m */,
			);
			name = List;
			sourceTree = "<group>";
		};
		36B89CBC1B35217700EC78AB /* Detail */ = {
			isa = PBXGroup;
			children = (
				36B89CC11B352F8300EC78AB /* PBTaleDetailViewController.h */,
				36B89CC21B352F8300EC78AB /* PBTaleDetailViewController.m */,
			);
			name = Detail;
			sourceTree = "<group>";
		};
		36B89CBD1B3525CD00EC78AB /* Routing */ = {
			isa = PBXGroup;
			children = (
				36B89CBE1B3525F200EC78AB /* PBWireframe.h */,
				36B89CBF1B3525F200EC78AB /* PBWireframe.m */,
			);
			name = Routing;
			sourceTree = "<group>";
		};
		36B89CC41B352FF400EC78AB /* Components */ = {
			isa = PBXGroup;
			children = (
				36B89CC51B352FFD00EC78AB /* Scene List */,
			);
			name = Components;
			sourceTree = "<group>";
		};
		36B89CC51B352FFD00EC78AB /* Scene List */ = {
			isa = PBXGroup;
			children = (
				36B89CC91B35308600EC78AB /* PBSceneListView.xib */,
				36B89CC61B35305F00EC78AB /* PBSceneListView.h */,
				36B89CC71B35305F00EC78AB /* PBSceneListView.m */,
				36B89CCB1B35318300EC78AB /* Scene Cell */,
			);
			name = "Scene List";
			sourceTree = "<group>";
		};
		36B89CCB1B35318300EC78AB /* Scene Cell */ = {
			isa = PBXGroup;
			children = (
				36B89CD11B3531DE00EC78AB /* PBSceneCell.xib */,
				36B89CCC1B3531C900EC78AB /* PBSceneCell.h */,
				36B89CCD1B3531C900EC78AB /* PBSceneCell.m */,
			);
			name = "Scene Cell";
			sourceTree = "<group>";
		};
		36B89CD31B3535BD00EC78AB /* DTOs */ = {
			isa = PBXGroup;
			children = (
				36B89D7C1B35616400EC78AB /* PBTaleInfo.h */,
				36B89D7D1B35616400EC78AB /* PBTaleInfo.m */,
				36B89CD41B35368400EC78AB /* PBSceneInfo.h */,
				36B89CD51B35368400EC78AB /* PBSceneInfo.m */,
			);
			name = DTOs;
			sourceTree = "<group>";
		};
		36B89CD71B3537F200EC78AB /* Utilities */ = {
			isa = PBXGroup;
			children = (
				36B89CD81B35388B00EC78AB /* PBAssetsLibraryUtil.h */,
				36B89CD91B35388B00EC78AB /* PBAssetsLibraryUtil.m */,
			);
			name = Utilities;
			sourceTree = "<group>";
		};
		36B89CDB1B35406100EC78AB /* Masonry */ = {
			isa = PBXGroup;
			children = (
				36B89CDC1B35407100EC78AB /* MASCompositeConstraint.h */,
				36B89CDD1B35407100EC78AB /* MASCompositeConstraint.m */,
				36B89CDE1B35407100EC78AB /* MASConstraint.h */,
				36B89CDF1B35407100EC78AB /* MASConstraint.m */,
				36B89CE01B35407100EC78AB /* MASConstraint+Private.h */,
				36B89CE11B35407100EC78AB /* MASConstraintMaker.h */,
				36B89CE21B35407100EC78AB /* MASConstraintMaker.m */,
				36B89CE31B35407100EC78AB /* MASLayoutConstraint.h */,
				36B89CE41B35407100EC78AB /* MASLayoutConstraint.m */,
				36B89CE51B35407100EC78AB /* Masonry.h */,
				36B89CE61B35407100EC78AB /* MASUtilities.h */,
				36B89CE71B35407100EC78AB /* MASViewAttribute.h */,
				36B89CE81B35407100EC78AB /* MASViewAttribute.m */,
				36B89CE91B35407100EC78AB /* MASViewConstraint.h */,
				36B89CEA1B35407100EC78AB /* MASViewConstraint.m */,
				36B89CEB1B35407100EC78AB /* NSArray+MASAdditions.h */,
				36B89CEC1B35407100EC78AB /* NSArray+MASAdditions.m */,
				36B89CED1B35407100EC78AB /* NSArray+MASShorthandAdditions.h */,
				36B89CEE1B35407100EC78AB /* NSLayoutConstraint+MASDebugAdditions.h */,
				36B89CEF1B35407100EC78AB /* NSLayoutConstraint+MASDebugAdditions.m */,
				36B89CF01B35407100EC78AB /* View+MASAdditions.h */,
				36B89CF11B35407100EC78AB /* View+MASAdditions.m */,
				36B89CF21B35407100EC78AB /* View+MASShorthandAdditions.h */,
			);
			name = Masonry;
			sourceTree = "<group>";
		};
		36B89CFC1B35428E00EC78AB /* Presenters */ = {
			isa = PBXGroup;
			children = (
				36B89CFD1B35435100EC78AB /* Tale */,
			);
			name = Presenters;
			sourceTree = "<group>";
		};
		36B89CFD1B35435100EC78AB /* Tale */ = {
			isa = PBXGroup;
			children = (
				36B89CFE1B35437400EC78AB /* PBTaleGroupPresenter.h */,
				36B89CFF1B35437400EC78AB /* PBTaleGroupPresenter.m */,
				36B89D011B35438300EC78AB /* PBSceneGroupPresenter.h */,
				36B89D021B35438300EC78AB /* PBSceneGroupPresenter.m */,
			);
			name = Tale;
			sourceTree = "<group>";
		};
		36B89D071B35450800EC78AB /* View Interfaces */ = {
			isa = PBXGroup;
			children = (
				36B89D081B35450F00EC78AB /* Tale */,
			);
			name = "View Interfaces";
			sourceTree = "<group>";
		};
		36B89D081B35450F00EC78AB /* Tale */ = {
			isa = PBXGroup;
			children = (
				36B89D091B35453900EC78AB /* PBTaleListInterface.h */,
				36B89D0A1B35454C00EC78AB /* PBSceneListInterface.h */,
			);
			name = Tale;
			sourceTree = "<group>";
		};
		36B89D0B1B35558B00EC78AB /* Managed Objects */ = {
			isa = PBXGroup;
			children = (
				36B89D0C1B3555D000EC78AB /* PBScene.h */,
				36B89D0D1B3555D000EC78AB /* PBScene.m */,
				36B89D0E1B3555D000EC78AB /* PBTale.h */,
				36B89D0F1B3555D000EC78AB /* PBTale.m */,
			);
			name = "Managed Objects";
			sourceTree = "<group>";
		};
		36B89D121B35562800EC78AB /* Data Manager */ = {
			isa = PBXGroup;
			children = (
				36B89D6F1B355CE600EC78AB /* PBDataManager.h */,
				36B89D701B355CE600EC78AB /* PBDataManager.m */,
				36B89D791B3560D300EC78AB /* PBTale+DataManager.h */,
				36B89D7A1B3560D300EC78AB /* PBTale+DataManager.m */,
			);
			name = "Data Manager";
			sourceTree = "<group>";
		};
		36B89D721B355F3D00EC78AB /* Utility */ = {
			isa = PBXGroup;
			children = (
				36B89D731B355F5B00EC78AB /* PBTale+Utility.h */,
				36B89D741B355F5B00EC78AB /* PBTale+Utility.m */,
				36B89D761B355F6B00EC78AB /* PBScene+Utility.h */,
				36B89D771B355F6B00EC78AB /* PBScene+Utility.m */,
			);
			name = Utility;
			sourceTree = "<group>";
		};
		DBA997023C2FB3B8D1D567D8 /* Frameworks */ = {
			isa = PBXGroup;
			children = (
				7B8FE003769036AEB2E25705 /* libPods.a */,
			);
			name = Frameworks;
			sourceTree = "<group>";
		};
/* End PBXGroup section */

/* Begin PBXNativeTarget section */
		36B89C551B351A3C00EC78AB /* PhotoBoard */ = {
			isa = PBXNativeTarget;
			buildConfigurationList = 36B89C791B351A3C00EC78AB /* Build configuration list for PBXNativeTarget "PhotoBoard" */;
			buildPhases = (
				25322072D14F7D3C2D3434D9 /* Check Pods Manifest.lock */,
				36B89C521B351A3C00EC78AB /* Sources */,
				36B89C531B351A3C00EC78AB /* Frameworks */,
				36B89C541B351A3C00EC78AB /* Resources */,
				5FF2CBB3438707029E6544CB /* Copy Pods Resources */,
			);
			buildRules = (
			);
			dependencies = (
			);
			name = PhotoBoard;
			productName = PhotoBoard;
			productReference = 36B89C561B351A3C00EC78AB /* PhotoBoard.app */;
			productType = "com.apple.product-type.application";
		};
		36B89C6E1B351A3C00EC78AB /* PhotoBoardTests */ = {
			isa = PBXNativeTarget;
			buildConfigurationList = 36B89C7C1B351A3C00EC78AB /* Build configuration list for PBXNativeTarget "PhotoBoardTests" */;
			buildPhases = (
				36B89C6B1B351A3C00EC78AB /* Sources */,
				36B89C6C1B351A3C00EC78AB /* Frameworks */,
				36B89C6D1B351A3C00EC78AB /* Resources */,
			);
			buildRules = (
			);
			dependencies = (
				36B89C711B351A3C00EC78AB /* PBXTargetDependency */,
			);
			name = PhotoBoardTests;
			productName = PhotoBoardTests;
			productReference = 36B89C6F1B351A3C00EC78AB /* PhotoBoardTests.xctest */;
			productType = "com.apple.product-type.bundle.unit-test";
		};
/* End PBXNativeTarget section */

/* Begin PBXProject section */
		36B89C4E1B351A3B00EC78AB /* Project object */ = {
			isa = PBXProject;
			attributes = {
				LastUpgradeCheck = 0630;
				ORGANIZATIONNAME = Jaret;
				TargetAttributes = {
					36B89C551B351A3C00EC78AB = {
						CreatedOnToolsVersion = 6.3.2;
					};
					36B89C6E1B351A3C00EC78AB = {
						CreatedOnToolsVersion = 6.3.2;
						TestTargetID = 36B89C551B351A3C00EC78AB;
					};
				};
			};
			buildConfigurationList = 36B89C511B351A3B00EC78AB /* Build configuration list for PBXProject "PhotoBoard" */;
			compatibilityVersion = "Xcode 3.2";
			developmentRegion = English;
			hasScannedForEncodings = 0;
			knownRegions = (
				en,
				Base,
			);
			mainGroup = 36B89C4D1B351A3B00EC78AB;
			productRefGroup = 36B89C571B351A3C00EC78AB /* Products */;
			projectDirPath = "";
			projectRoot = "";
			targets = (
				36B89C551B351A3C00EC78AB /* PhotoBoard */,
				36B89C6E1B351A3C00EC78AB /* PhotoBoardTests */,
			);
		};
/* End PBXProject section */

/* Begin PBXResourcesBuildPhase section */
		36B89C541B351A3C00EC78AB /* Resources */ = {
			isa = PBXResourcesBuildPhase;
			buildActionMask = 2147483647;
			files = (
				36B89CB51B351FCF00EC78AB /* ELCAssetTablePicker.xib in Resources */,
				36B89CCA1B35308600EC78AB /* PBSceneListView.xib in Resources */,
				36B89CD21B3531DE00EC78AB /* PBSceneCell.xib in Resources */,
				36B89CB31B351FCF00EC78AB /* ELCAlbumPickerController.xib in Resources */,
				36B89CB61B351FCF00EC78AB /* Overlay.png in Resources */,
				36B89C651B351A3C00EC78AB /* PBTale.storyboard in Resources */,
				36B89C6A1B351A3C00EC78AB /* LaunchScreen.xib in Resources */,
				36B89CB71B351FCF00EC78AB /* Overlay@2x.png in Resources */,
				36B89C671B351A3C00EC78AB /* Images.xcassets in Resources */,
				36B89CB41B351FCF00EC78AB /* ELCAssetPicker.xib in Resources */,
			);
			runOnlyForDeploymentPostprocessing = 0;
		};
		36B89C6D1B351A3C00EC78AB /* Resources */ = {
			isa = PBXResourcesBuildPhase;
			buildActionMask = 2147483647;
			files = (
			);
			runOnlyForDeploymentPostprocessing = 0;
		};
/* End PBXResourcesBuildPhase section */

/* Begin PBXShellScriptBuildPhase section */
		25322072D14F7D3C2D3434D9 /* Check Pods Manifest.lock */ = {
			isa = PBXShellScriptBuildPhase;
			buildActionMask = 2147483647;
			files = (
			);
			inputPaths = (
			);
			name = "Check Pods Manifest.lock";
			outputPaths = (
			);
			runOnlyForDeploymentPostprocessing = 0;
			shellPath = /bin/sh;
			shellScript = "diff \"${PODS_ROOT}/../Podfile.lock\" \"${PODS_ROOT}/Manifest.lock\" > /dev/null\nif [[ $? != 0 ]] ; then\n    cat << EOM\nerror: The sandbox is not in sync with the Podfile.lock. Run 'pod install' or update your CocoaPods installation.\nEOM\n    exit 1\nfi\n";
			showEnvVarsInLog = 0;
		};
		5FF2CBB3438707029E6544CB /* Copy Pods Resources */ = {
			isa = PBXShellScriptBuildPhase;
			buildActionMask = 2147483647;
			files = (
			);
			inputPaths = (
			);
			name = "Copy Pods Resources";
			outputPaths = (
			);
			runOnlyForDeploymentPostprocessing = 0;
			shellPath = /bin/sh;
			shellScript = "\"${SRCROOT}/Pods/Target Support Files/Pods/Pods-resources.sh\"\n";
			showEnvVarsInLog = 0;
		};
/* End PBXShellScriptBuildPhase section */

/* Begin PBXSourcesBuildPhase section */
		36B89C521B351A3C00EC78AB /* Sources */ = {
			isa = PBXSourcesBuildPhase;
			buildActionMask = 2147483647;
			files = (
				36B89CF41B35407100EC78AB /* MASConstraint.m in Sources */,
				36B89CF71B35407100EC78AB /* MASViewAttribute.m in Sources */,
				36B89CF51B35407100EC78AB /* MASConstraintMaker.m in Sources */,
				36B89CA81B351FB500EC78AB /* ELCAssetCell.m in Sources */,
				36B89CAC1B351FB500EC78AB /* ELCOverlayImageView.m in Sources */,
				36B89CA61B351FB500EC78AB /* ELCAlbumPickerController.m in Sources */,
				36B89CDA1B35388B00EC78AB /* PBAssetsLibraryUtil.m in Sources */,
				36B89D061B35447800EC78AB /* PBConstants.m in Sources */,
				36B89CF81B35407100EC78AB /* MASViewConstraint.m in Sources */,
				36B89CFB1B35407100EC78AB /* View+MASAdditions.m in Sources */,
				36B89CF31B35407100EC78AB /* MASCompositeConstraint.m in Sources */,
				36B89CAB1B351FB500EC78AB /* ELCImagePickerController.m in Sources */,
				36B89CD61B35368400EC78AB /* PBSceneInfo.m in Sources */,
				36B89CC01B3525F200EC78AB /* PBWireframe.m in Sources */,
				36B89CF61B35407100EC78AB /* MASLayoutConstraint.m in Sources */,
				36B89CC81B35305F00EC78AB /* PBSceneListView.m in Sources */,
				36B89CAA1B351FB500EC78AB /* ELCConsole.m in Sources */,
				36B89D711B355CE600EC78AB /* PBDataManager.m in Sources */,
				36B89CA91B351FB500EC78AB /* ELCAssetTablePicker.m in Sources */,
				36B89D7B1B3560D300EC78AB /* PBTale+DataManager.m in Sources */,
				36B89D001B35437400EC78AB /* PBTaleGroupPresenter.m in Sources */,
				36B89CC31B352F8300EC78AB /* PBTaleDetailViewController.m in Sources */,
				36B89D031B35438300EC78AB /* PBSceneGroupPresenter.m in Sources */,
				36B89CCF1B3531C900EC78AB /* PBSceneCell.m in Sources */,
				36B89CFA1B35407100EC78AB /* NSLayoutConstraint+MASDebugAdditions.m in Sources */,
				36B89CA71B351FB500EC78AB /* ELCAsset.m in Sources */,
				36B89C881B351B8500EC78AB /* PBTaleListViewController.m in Sources */,
				36B89CF91B35407100EC78AB /* NSArray+MASAdditions.m in Sources */,
				36B89D751B355F5B00EC78AB /* PBTale+Utility.m in Sources */,
				36B89C921B351E3C00EC78AB /* PhotoBoard.xcdatamodeld in Sources */,
				36B89D111B3555D000EC78AB /* PBTale.m in Sources */,
				36B89C8C1B351B9000EC78AB /* main.m in Sources */,
				36B89D781B355F6B00EC78AB /* PBScene+Utility.m in Sources */,
				36B89D101B3555D000EC78AB /* PBScene.m in Sources */,
				36B89C851B351B7C00EC78AB /* AppDelegate.m in Sources */,
				36B89D7E1B35616400EC78AB /* PBTaleInfo.m in Sources */,
			);
			runOnlyForDeploymentPostprocessing = 0;
		};
		36B89C6B1B351A3C00EC78AB /* Sources */ = {
			isa = PBXSourcesBuildPhase;
			buildActionMask = 2147483647;
			files = (
				36B89C761B351A3C00EC78AB /* PhotoBoardTests.m in Sources */,
			);
			runOnlyForDeploymentPostprocessing = 0;
		};
/* End PBXSourcesBuildPhase section */

/* Begin PBXTargetDependency section */
		36B89C711B351A3C00EC78AB /* PBXTargetDependency */ = {
			isa = PBXTargetDependency;
			target = 36B89C551B351A3C00EC78AB /* PhotoBoard */;
			targetProxy = 36B89C701B351A3C00EC78AB /* PBXContainerItemProxy */;
		};
/* End PBXTargetDependency section */

/* Begin PBXVariantGroup section */
		36B89C631B351A3C00EC78AB /* PBTale.storyboard */ = {
			isa = PBXVariantGroup;
			children = (
				36B89C641B351A3C00EC78AB /* Base */,
			);
			name = PBTale.storyboard;
			sourceTree = "<group>";
		};
		36B89C681B351A3C00EC78AB /* LaunchScreen.xib */ = {
			isa = PBXVariantGroup;
			children = (
				36B89C691B351A3C00EC78AB /* Base */,
			);
			name = LaunchScreen.xib;
			sourceTree = "<group>";
		};
/* End PBXVariantGroup section */

/* Begin XCBuildConfiguration section */
		36B89C771B351A3C00EC78AB /* Debug */ = {
			isa = XCBuildConfiguration;
			buildSettings = {
				ALWAYS_SEARCH_USER_PATHS = NO;
				CLANG_CXX_LANGUAGE_STANDARD = "gnu++0x";
				CLANG_CXX_LIBRARY = "libc++";
				CLANG_ENABLE_MODULES = YES;
				CLANG_ENABLE_OBJC_ARC = YES;
				CLANG_WARN_BOOL_CONVERSION = YES;
				CLANG_WARN_CONSTANT_CONVERSION = YES;
				CLANG_WARN_DIRECT_OBJC_ISA_USAGE = YES_ERROR;
				CLANG_WARN_EMPTY_BODY = YES;
				CLANG_WARN_ENUM_CONVERSION = YES;
				CLANG_WARN_INT_CONVERSION = YES;
				CLANG_WARN_OBJC_ROOT_CLASS = YES_ERROR;
				CLANG_WARN_UNREACHABLE_CODE = YES;
				CLANG_WARN__DUPLICATE_METHOD_MATCH = YES;
				"CODE_SIGN_IDENTITY[sdk=iphoneos*]" = "iPhone Developer";
				COPY_PHASE_STRIP = NO;
				DEBUG_INFORMATION_FORMAT = "dwarf-with-dsym";
				ENABLE_STRICT_OBJC_MSGSEND = YES;
				GCC_C_LANGUAGE_STANDARD = gnu99;
				GCC_DYNAMIC_NO_PIC = NO;
				GCC_NO_COMMON_BLOCKS = YES;
				GCC_OPTIMIZATION_LEVEL = 0;
				GCC_PREPROCESSOR_DEFINITIONS = (
					"DEBUG=1",
					"$(inherited)",
				);
				GCC_SYMBOLS_PRIVATE_EXTERN = NO;
				GCC_WARN_64_TO_32_BIT_CONVERSION = YES;
				GCC_WARN_ABOUT_RETURN_TYPE = YES_ERROR;
				GCC_WARN_UNDECLARED_SELECTOR = YES;
				GCC_WARN_UNINITIALIZED_AUTOS = YES_AGGRESSIVE;
				GCC_WARN_UNUSED_FUNCTION = YES;
				GCC_WARN_UNUSED_VARIABLE = YES;
				IPHONEOS_DEPLOYMENT_TARGET = 8.3;
				MTL_ENABLE_DEBUG_INFO = YES;
				ONLY_ACTIVE_ARCH = YES;
				SDKROOT = iphoneos;
			};
			name = Debug;
		};
		36B89C781B351A3C00EC78AB /* Release */ = {
			isa = XCBuildConfiguration;
			buildSettings = {
				ALWAYS_SEARCH_USER_PATHS = NO;
				CLANG_CXX_LANGUAGE_STANDARD = "gnu++0x";
				CLANG_CXX_LIBRARY = "libc++";
				CLANG_ENABLE_MODULES = YES;
				CLANG_ENABLE_OBJC_ARC = YES;
				CLANG_WARN_BOOL_CONVERSION = YES;
				CLANG_WARN_CONSTANT_CONVERSION = YES;
				CLANG_WARN_DIRECT_OBJC_ISA_USAGE = YES_ERROR;
				CLANG_WARN_EMPTY_BODY = YES;
				CLANG_WARN_ENUM_CONVERSION = YES;
				CLANG_WARN_INT_CONVERSION = YES;
				CLANG_WARN_OBJC_ROOT_CLASS = YES_ERROR;
				CLANG_WARN_UNREACHABLE_CODE = YES;
				CLANG_WARN__DUPLICATE_METHOD_MATCH = YES;
				"CODE_SIGN_IDENTITY[sdk=iphoneos*]" = "iPhone Developer";
				COPY_PHASE_STRIP = NO;
				DEBUG_INFORMATION_FORMAT = "dwarf-with-dsym";
				ENABLE_NS_ASSERTIONS = NO;
				ENABLE_STRICT_OBJC_MSGSEND = YES;
				GCC_C_LANGUAGE_STANDARD = gnu99;
				GCC_NO_COMMON_BLOCKS = YES;
				GCC_WARN_64_TO_32_BIT_CONVERSION = YES;
				GCC_WARN_ABOUT_RETURN_TYPE = YES_ERROR;
				GCC_WARN_UNDECLARED_SELECTOR = YES;
				GCC_WARN_UNINITIALIZED_AUTOS = YES_AGGRESSIVE;
				GCC_WARN_UNUSED_FUNCTION = YES;
				GCC_WARN_UNUSED_VARIABLE = YES;
				IPHONEOS_DEPLOYMENT_TARGET = 8.3;
				MTL_ENABLE_DEBUG_INFO = NO;
				SDKROOT = iphoneos;
				VALIDATE_PRODUCT = YES;
			};
			name = Release;
		};
		36B89C7A1B351A3C00EC78AB /* Debug */ = {
			isa = XCBuildConfiguration;
			baseConfigurationReference = E2D5366B08B1DC22AE534C5C /* Pods.debug.xcconfig */;
			buildSettings = {
				ASSETCATALOG_COMPILER_APPICON_NAME = AppIcon;
				INFOPLIST_FILE = PhotoBoard/SupportingFiles/Info.plist;
				LD_RUNPATH_SEARCH_PATHS = "$(inherited) @executable_path/Frameworks";
				PRODUCT_NAME = "$(TARGET_NAME)";
			};
			name = Debug;
		};
		36B89C7B1B351A3C00EC78AB /* Release */ = {
			isa = XCBuildConfiguration;
			baseConfigurationReference = 3B36DF2B9E1E20B34001075A /* Pods.release.xcconfig */;
			buildSettings = {
				ASSETCATALOG_COMPILER_APPICON_NAME = AppIcon;
				INFOPLIST_FILE = PhotoBoard/SupportingFiles/Info.plist;
				LD_RUNPATH_SEARCH_PATHS = "$(inherited) @executable_path/Frameworks";
				PRODUCT_NAME = "$(TARGET_NAME)";
			};
			name = Release;
		};
		36B89C7D1B351A3C00EC78AB /* Debug */ = {
			isa = XCBuildConfiguration;
			buildSettings = {
				BUNDLE_LOADER = "$(TEST_HOST)";
				FRAMEWORK_SEARCH_PATHS = (
					"$(SDKROOT)/Developer/Library/Frameworks",
					"$(inherited)",
				);
				GCC_PREPROCESSOR_DEFINITIONS = (
					"DEBUG=1",
					"$(inherited)",
				);
				INFOPLIST_FILE = PhotoBoardTests/Info.plist;
				LD_RUNPATH_SEARCH_PATHS = "$(inherited) @executable_path/Frameworks @loader_path/Frameworks";
				PRODUCT_NAME = "$(TARGET_NAME)";
				TEST_HOST = "$(BUILT_PRODUCTS_DIR)/PhotoBoard.app/PhotoBoard";
			};
			name = Debug;
		};
		36B89C7E1B351A3C00EC78AB /* Release */ = {
			isa = XCBuildConfiguration;
			buildSettings = {
				BUNDLE_LOADER = "$(TEST_HOST)";
				FRAMEWORK_SEARCH_PATHS = (
					"$(SDKROOT)/Developer/Library/Frameworks",
					"$(inherited)",
				);
				INFOPLIST_FILE = PhotoBoardTests/Info.plist;
				LD_RUNPATH_SEARCH_PATHS = "$(inherited) @executable_path/Frameworks @loader_path/Frameworks";
				PRODUCT_NAME = "$(TARGET_NAME)";
				TEST_HOST = "$(BUILT_PRODUCTS_DIR)/PhotoBoard.app/PhotoBoard";
			};
			name = Release;
		};
/* End XCBuildConfiguration section */

/* Begin XCConfigurationList section */
		36B89C511B351A3B00EC78AB /* Build configuration list for PBXProject "PhotoBoard" */ = {
			isa = XCConfigurationList;
			buildConfigurations = (
				36B89C771B351A3C00EC78AB /* Debug */,
				36B89C781B351A3C00EC78AB /* Release */,
			);
			defaultConfigurationIsVisible = 0;
			defaultConfigurationName = Release;
		};
		36B89C791B351A3C00EC78AB /* Build configuration list for PBXNativeTarget "PhotoBoard" */ = {
			isa = XCConfigurationList;
			buildConfigurations = (
				36B89C7A1B351A3C00EC78AB /* Debug */,
				36B89C7B1B351A3C00EC78AB /* Release */,
			);
			defaultConfigurationIsVisible = 0;
			defaultConfigurationName = Release;
		};
		36B89C7C1B351A3C00EC78AB /* Build configuration list for PBXNativeTarget "PhotoBoardTests" */ = {
			isa = XCConfigurationList;
			buildConfigurations = (
				36B89C7D1B351A3C00EC78AB /* Debug */,
				36B89C7E1B351A3C00EC78AB /* Release */,
			);
			defaultConfigurationIsVisible = 0;
			defaultConfigurationName = Release;
		};
/* End XCConfigurationList section */

/* Begin XCVersionGroup section */
		36B89C901B351E3C00EC78AB /* PhotoBoard.xcdatamodeld */ = {
			isa = XCVersionGroup;
			children = (
				36B89C911B351E3C00EC78AB /* PhotoBoard.xcdatamodel */,
			);
			currentVersion = 36B89C911B351E3C00EC78AB /* PhotoBoard.xcdatamodel */;
			name = PhotoBoard.xcdatamodeld;
			path = SupportingFiles/PhotoBoard.xcdatamodeld;
			sourceTree = "<group>";
			versionGroupType = wrapper.xcdatamodel;
		};
/* End XCVersionGroup section */
	};
	rootObject = 36B89C4E1B351A3B00EC78AB /* Project object */;
}
