// !$*UTF8*$!
{
	archiveVersion = 1;
	classes = {
	};
	objectVersion = 46;
	objects = {

/* Begin PBXBuildFile section */
		36B89C651B351A3C00EC78AB /* PBTale.storyboard in Resources */ = {isa = PBXBuildFile; fileRef = 36B89C631B351A3C00EC78AB /* PBTale.storyboard */; };
		36B89C671B351A3C00EC78AB /* Images.xcassets in Resources */ = {isa = PBXBuildFile; fileRef = 36B89C661B351A3C00EC78AB /* Images.xcassets */; };
		36B89C6A1B351A3C00EC78AB /* LaunchScreen.xib in Resources */ = {isa = PBXBuildFile; fileRef = 36B89C681B351A3C00EC78AB /* LaunchScreen.xib */; };
		36B89C761B351A3C00EC78AB /* PhotoBoardTests.m in Sources */ = {isa = PBXBuildFile; fileRef = 36B89C751B351A3C00EC78AB /* PhotoBoardTests.m */; };
		36B89C851B351B7C00EC78AB /* AppDelegate.m in Sources */ = {isa = PBXBuildFile; fileRef = 36B89C841B351B7C00EC78AB /* AppDelegate.m */; };
		36B89C881B351B8500EC78AB /* PBTaleListViewController.m in Sources */ = {isa = PBXBuildFile; fileRef = 36B89C871B351B8500EC78AB /* PBTaleListViewController.m */; };
		36B89C8C1B351B9000EC78AB /* main.m in Sources */ = {isa = PBXBuildFile; fileRef = 36B89C8A1B351B9000EC78AB /* main.m */; };
		36B89C921B351E3C00EC78AB /* PhotoBoard.xcdatamodeld in Sources */ = {isa = PBXBuildFile; fileRef = 36B89C901B351E3C00EC78AB /* PhotoBoard.xcdatamodeld */; };
		36B89CA61B351FB500EC78AB /* ELCAlbumPickerController.m in Sources */ = {isa = PBXBuildFile; fileRef = 36B89C951B351FB500EC78AB /* ELCAlbumPickerController.m */; };
		36B89CA71B351FB500EC78AB /* ELCAsset.m in Sources */ = {isa = PBXBuildFile; fileRef = 36B89C971B351FB500EC78AB /* ELCAsset.m */; };
		36B89CA81B351FB500EC78AB /* ELCAssetCell.m in Sources */ = {isa = PBXBuildFile; fileRef = 36B89C991B351FB500EC78AB /* ELCAssetCell.m */; };
		36B89CA91B351FB500EC78AB /* ELCAssetTablePicker.m in Sources */ = {isa = PBXBuildFile; fileRef = 36B89C9D1B351FB500EC78AB /* ELCAssetTablePicker.m */; };
		36B89CAA1B351FB500EC78AB /* ELCConsole.m in Sources */ = {isa = PBXBuildFile; fileRef = 36B89C9F1B351FB500EC78AB /* ELCConsole.m */; };
		36B89CAB1B351FB500EC78AB /* ELCImagePickerController.m in Sources */ = {isa = PBXBuildFile; fileRef = 36B89CA11B351FB500EC78AB /* ELCImagePickerController.m */; };
		36B89CAC1B351FB500EC78AB /* ELCOverlayImageView.m in Sources */ = {isa = PBXBuildFile; fileRef = 36B89CA41B351FB500EC78AB /* ELCOverlayImageView.m */; };
		36B89CB31B351FCF00EC78AB /* ELCAlbumPickerController.xib in Resources */ = {isa = PBXBuildFile; fileRef = 36B89CAE1B351FCF00EC78AB /* ELCAlbumPickerController.xib */; };
		36B89CB41B351FCF00EC78AB /* ELCAssetPicker.xib in Resources */ = {isa = PBXBuildFile; fileRef = 36B89CAF1B351FCF00EC78AB /* ELCAssetPicker.xib */; };
		36B89CB51B351FCF00EC78AB /* ELCAssetTablePicker.xib in Resources */ = {isa = PBXBuildFile; fileRef = 36B89CB01B351FCF00EC78AB /* ELCAssetTablePicker.xib */; };
		36B89CB61B351FCF00EC78AB /* Overlay.png in Resources */ = {isa = PBXBuildFile; fileRef = 36B89CB11B351FCF00EC78AB /* Overlay.png */; };
		36B89CB71B351FCF00EC78AB /* Overlay@2x.png in Resources */ = {isa = PBXBuildFile; fileRef = 36B89CB21B351FCF00EC78AB /* Overlay@2x.png */; };
		36B89CC01B3525F200EC78AB /* PBWireframe.m in Sources */ = {isa = PBXBuildFile; fileRef = 36B89CBF1B3525F200EC78AB /* PBWireframe.m */; };
/* End PBXBuildFile section */

/* Begin PBXContainerItemProxy section */
		36B89C701B351A3C00EC78AB /* PBXContainerItemProxy */ = {
			isa = PBXContainerItemProxy;
			containerPortal = 36B89C4E1B351A3B00EC78AB /* Project object */;
			proxyType = 1;
			remoteGlobalIDString = 36B89C551B351A3C00EC78AB;
			remoteInfo = PhotoBoard;
		};
/* End PBXContainerItemProxy section */

/* Begin PBXFileReference section */
		36B89C561B351A3C00EC78AB /* PhotoBoard.app */ = {isa = PBXFileReference; explicitFileType = wrapper.application; includeInIndex = 0; path = PhotoBoard.app; sourceTree = BUILT_PRODUCTS_DIR; };
		36B89C641B351A3C00EC78AB /* Base */ = {isa = PBXFileReference; lastKnownFileType = file.storyboard; name = Base; path = Base.lproj/PBTale.storyboard; sourceTree = "<group>"; };
		36B89C661B351A3C00EC78AB /* Images.xcassets */ = {isa = PBXFileReference; lastKnownFileType = folder.assetcatalog; path = Images.xcassets; sourceTree = "<group>"; };
		36B89C691B351A3C00EC78AB /* Base */ = {isa = PBXFileReference; lastKnownFileType = file.xib; name = Base; path = Base.lproj/LaunchScreen.xib; sourceTree = "<group>"; };
		36B89C6F1B351A3C00EC78AB /* PhotoBoardTests.xctest */ = {isa = PBXFileReference; explicitFileType = wrapper.cfbundle; includeInIndex = 0; path = PhotoBoardTests.xctest; sourceTree = BUILT_PRODUCTS_DIR; };
		36B89C741B351A3C00EC78AB /* Info.plist */ = {isa = PBXFileReference; lastKnownFileType = text.plist.xml; path = Info.plist; sourceTree = "<group>"; };
		36B89C751B351A3C00EC78AB /* PhotoBoardTests.m */ = {isa = PBXFileReference; lastKnownFileType = sourcecode.c.objc; path = PhotoBoardTests.m; sourceTree = "<group>"; };
		36B89C831B351B7C00EC78AB /* AppDelegate.h */ = {isa = PBXFileReference; fileEncoding = 4; lastKnownFileType = sourcecode.c.h; name = AppDelegate.h; path = Classes/Application/AppDelegate.h; sourceTree = "<group>"; };
		36B89C841B351B7C00EC78AB /* AppDelegate.m */ = {isa = PBXFileReference; fileEncoding = 4; lastKnownFileType = sourcecode.c.objc; name = AppDelegate.m; path = Classes/Application/AppDelegate.m; sourceTree = "<group>"; };
		36B89C861B351B8500EC78AB /* PBTaleListViewController.h */ = {isa = PBXFileReference; fileEncoding = 4; lastKnownFileType = sourcecode.c.h; name = PBTaleListViewController.h; path = Classes/Views/PBTaleListViewController.h; sourceTree = "<group>"; };
		36B89C871B351B8500EC78AB /* PBTaleListViewController.m */ = {isa = PBXFileReference; fileEncoding = 4; lastKnownFileType = sourcecode.c.objc; name = PBTaleListViewController.m; path = Classes/Views/PBTaleListViewController.m; sourceTree = "<group>"; };
		36B89C891B351B9000EC78AB /* Info.plist */ = {isa = PBXFileReference; fileEncoding = 4; lastKnownFileType = text.plist.xml; name = Info.plist; path = SupportingFiles/Info.plist; sourceTree = "<group>"; };
		36B89C8A1B351B9000EC78AB /* main.m */ = {isa = PBXFileReference; fileEncoding = 4; lastKnownFileType = sourcecode.c.objc; name = main.m; path = SupportingFiles/main.m; sourceTree = "<group>"; };
		36B89C8D1B351D9200EC78AB /* README.md */ = {isa = PBXFileReference; fileEncoding = 4; lastKnownFileType = net.daringfireball.markdown; path = README.md; sourceTree = SOURCE_ROOT; };
		36B89C911B351E3C00EC78AB /* PhotoBoard.xcdatamodel */ = {isa = PBXFileReference; lastKnownFileType = wrapper.xcdatamodel; path = PhotoBoard.xcdatamodel; sourceTree = "<group>"; };
		36B89C941B351FB500EC78AB /* ELCAlbumPickerController.h */ = {isa = PBXFileReference; fileEncoding = 4; lastKnownFileType = sourcecode.c.h; name = ELCAlbumPickerController.h; path = Classes/ELCImagePicker/ELCAlbumPickerController.h; sourceTree = "<group>"; };
		36B89C951B351FB500EC78AB /* ELCAlbumPickerController.m */ = {isa = PBXFileReference; fileEncoding = 4; lastKnownFileType = sourcecode.c.objc; name = ELCAlbumPickerController.m; path = Classes/ELCImagePicker/ELCAlbumPickerController.m; sourceTree = "<group>"; };
		36B89C961B351FB500EC78AB /* ELCAsset.h */ = {isa = PBXFileReference; fileEncoding = 4; lastKnownFileType = sourcecode.c.h; name = ELCAsset.h; path = Classes/ELCImagePicker/ELCAsset.h; sourceTree = "<group>"; };
		36B89C971B351FB500EC78AB /* ELCAsset.m */ = {isa = PBXFileReference; fileEncoding = 4; lastKnownFileType = sourcecode.c.objc; name = ELCAsset.m; path = Classes/ELCImagePicker/ELCAsset.m; sourceTree = "<group>"; };
		36B89C981B351FB500EC78AB /* ELCAssetCell.h */ = {isa = PBXFileReference; fileEncoding = 4; lastKnownFileType = sourcecode.c.h; name = ELCAssetCell.h; path = Classes/ELCImagePicker/ELCAssetCell.h; sourceTree = "<group>"; };
		36B89C991B351FB500EC78AB /* ELCAssetCell.m */ = {isa = PBXFileReference; fileEncoding = 4; lastKnownFileType = sourcecode.c.objc; name = ELCAssetCell.m; path = Classes/ELCImagePicker/ELCAssetCell.m; sourceTree = "<group>"; };
		36B89C9A1B351FB500EC78AB /* ELCAssetPickerFilterDelegate.h */ = {isa = PBXFileReference; fileEncoding = 4; lastKnownFileType = sourcecode.c.h; name = ELCAssetPickerFilterDelegate.h; path = Classes/ELCImagePicker/ELCAssetPickerFilterDelegate.h; sourceTree = "<group>"; };
		36B89C9B1B351FB500EC78AB /* ELCAssetSelectionDelegate.h */ = {isa = PBXFileReference; fileEncoding = 4; lastKnownFileType = sourcecode.c.h; name = ELCAssetSelectionDelegate.h; path = Classes/ELCImagePicker/ELCAssetSelectionDelegate.h; sourceTree = "<group>"; };
		36B89C9C1B351FB500EC78AB /* ELCAssetTablePicker.h */ = {isa = PBXFileReference; fileEncoding = 4; lastKnownFileType = sourcecode.c.h; name = ELCAssetTablePicker.h; path = Classes/ELCImagePicker/ELCAssetTablePicker.h; sourceTree = "<group>"; };
		36B89C9D1B351FB500EC78AB /* ELCAssetTablePicker.m */ = {isa = PBXFileReference; fileEncoding = 4; lastKnownFileType = sourcecode.c.objc; name = ELCAssetTablePicker.m; path = Classes/ELCImagePicker/ELCAssetTablePicker.m; sourceTree = "<group>"; };
		36B89C9E1B351FB500EC78AB /* ELCConsole.h */ = {isa = PBXFileReference; fileEncoding = 4; lastKnownFileType = sourcecode.c.h; name = ELCConsole.h; path = Classes/ELCImagePicker/ELCConsole.h; sourceTree = "<group>"; };
		36B89C9F1B351FB500EC78AB /* ELCConsole.m */ = {isa = PBXFileReference; fileEncoding = 4; lastKnownFileType = sourcecode.c.objc; name = ELCConsole.m; path = Classes/ELCImagePicker/ELCConsole.m; sourceTree = "<group>"; };
		36B89CA01B351FB500EC78AB /* ELCImagePickerController.h */ = {isa = PBXFileReference; fileEncoding = 4; lastKnownFileType = sourcecode.c.h; name = ELCImagePickerController.h; path = Classes/ELCImagePicker/ELCImagePickerController.h; sourceTree = "<group>"; };
		36B89CA11B351FB500EC78AB /* ELCImagePickerController.m */ = {isa = PBXFileReference; fileEncoding = 4; lastKnownFileType = sourcecode.c.objc; name = ELCImagePickerController.m; path = Classes/ELCImagePicker/ELCImagePickerController.m; sourceTree = "<group>"; };
		36B89CA21B351FB500EC78AB /* ELCImagePickerHeader.h */ = {isa = PBXFileReference; fileEncoding = 4; lastKnownFileType = sourcecode.c.h; name = ELCImagePickerHeader.h; path = Classes/ELCImagePicker/ELCImagePickerHeader.h; sourceTree = "<group>"; };
		36B89CA31B351FB500EC78AB /* ELCOverlayImageView.h */ = {isa = PBXFileReference; fileEncoding = 4; lastKnownFileType = sourcecode.c.h; name = ELCOverlayImageView.h; path = Classes/ELCImagePicker/ELCOverlayImageView.h; sourceTree = "<group>"; };
		36B89CA41B351FB500EC78AB /* ELCOverlayImageView.m */ = {isa = PBXFileReference; fileEncoding = 4; lastKnownFileType = sourcecode.c.objc; name = ELCOverlayImageView.m; path = Classes/ELCImagePicker/ELCOverlayImageView.m; sourceTree = "<group>"; };
		36B89CAE1B351FCF00EC78AB /* ELCAlbumPickerController.xib */ = {isa = PBXFileReference; fileEncoding = 4; lastKnownFileType = file.xib; name = ELCAlbumPickerController.xib; path = Classes/ELCImagePicker/Resources/ELCAlbumPickerController.xib; sourceTree = "<group>"; };
		36B89CAF1B351FCF00EC78AB /* ELCAssetPicker.xib */ = {isa = PBXFileReference; fileEncoding = 4; lastKnownFileType = file.xib; name = ELCAssetPicker.xib; path = Classes/ELCImagePicker/Resources/ELCAssetPicker.xib; sourceTree = "<group>"; };
		36B89CB01B351FCF00EC78AB /* ELCAssetTablePicker.xib */ = {isa = PBXFileReference; fileEncoding = 4; lastKnownFileType = file.xib; name = ELCAssetTablePicker.xib; path = Classes/ELCImagePicker/Resources/ELCAssetTablePicker.xib; sourceTree = "<group>"; };
		36B89CB11B351FCF00EC78AB /* Overlay.png */ = {isa = PBXFileReference; lastKnownFileType = image.png; name = Overlay.png; path = Classes/ELCImagePicker/Resources/Overlay.png; sourceTree = "<group>"; };
		36B89CB21B351FCF00EC78AB /* Overlay@2x.png */ = {isa = PBXFileReference; lastKnownFileType = image.png; name = "Overlay@2x.png"; path = "Classes/ELCImagePicker/Resources/Overlay@2x.png"; sourceTree = "<group>"; };
		36B89CBE1B3525F200EC78AB /* PBWireframe.h */ = {isa = PBXFileReference; fileEncoding = 4; lastKnownFileType = sourcecode.c.h; name = PBWireframe.h; path = Classes/Routing/PBWireframe.h; sourceTree = "<group>"; };
		36B89CBF1B3525F200EC78AB /* PBWireframe.m */ = {isa = PBXFileReference; fileEncoding = 4; lastKnownFileType = sourcecode.c.objc; name = PBWireframe.m; path = Classes/Routing/PBWireframe.m; sourceTree = "<group>"; };
/* End PBXFileReference section */

/* Begin PBXFrameworksBuildPhase section */
		36B89C531B351A3C00EC78AB /* Frameworks */ = {
			isa = PBXFrameworksBuildPhase;
			buildActionMask = 2147483647;
			files = (
			);
			runOnlyForDeploymentPostprocessing = 0;
		};
		36B89C6C1B351A3C00EC78AB /* Frameworks */ = {
			isa = PBXFrameworksBuildPhase;
			buildActionMask = 2147483647;
			files = (
			);
			runOnlyForDeploymentPostprocessing = 0;
		};
/* End PBXFrameworksBuildPhase section */

/* Begin PBXGroup section */
		36B89C4D1B351A3B00EC78AB = {
			isa = PBXGroup;
			children = (
				36B89C581B351A3C00EC78AB /* PhotoBoard */,
				36B89C721B351A3C00EC78AB /* PhotoBoardTests */,
				36B89C571B351A3C00EC78AB /* Products */,
			);
			sourceTree = "<group>";
		};
		36B89C571B351A3C00EC78AB /* Products */ = {
			isa = PBXGroup;
			children = (
				36B89C561B351A3C00EC78AB /* PhotoBoard.app */,
				36B89C6F1B351A3C00EC78AB /* PhotoBoardTests.xctest */,
			);
			name = Products;
			sourceTree = "<group>";
		};
		36B89C581B351A3C00EC78AB /* PhotoBoard */ = {
			isa = PBXGroup;
			children = (
				36B89C801B351A7700EC78AB /* Classes */,
				36B89C821B351A9800EC78AB /* Resources */,
				36B89C591B351A3C00EC78AB /* Supporting Files */,
				36B89C8D1B351D9200EC78AB /* README.md */,
			);
			path = PhotoBoard;
			sourceTree = "<group>";
		};
		36B89C591B351A3C00EC78AB /* Supporting Files */ = {
			isa = PBXGroup;
			children = (
				36B89C891B351B9000EC78AB /* Info.plist */,
				36B89C8A1B351B9000EC78AB /* main.m */,
			);
			name = "Supporting Files";
			sourceTree = "<group>";
		};
		36B89C721B351A3C00EC78AB /* PhotoBoardTests */ = {
			isa = PBXGroup;
			children = (
				36B89C751B351A3C00EC78AB /* PhotoBoardTests.m */,
				36B89C731B351A3C00EC78AB /* Supporting Files */,
			);
			path = PhotoBoardTests;
			sourceTree = "<group>";
		};
		36B89C731B351A3C00EC78AB /* Supporting Files */ = {
			isa = PBXGroup;
			children = (
				36B89C741B351A3C00EC78AB /* Info.plist */,
			);
			name = "Supporting Files";
			sourceTree = "<group>";
		};
		36B89C7F1B351A6600EC78AB /* Application */ = {
			isa = PBXGroup;
			children = (
				36B89C831B351B7C00EC78AB /* AppDelegate.h */,
				36B89C841B351B7C00EC78AB /* AppDelegate.m */,
			);
			name = Application;
			sourceTree = "<group>";
		};
		36B89C801B351A7700EC78AB /* Classes */ = {
			isa = PBXGroup;
			children = (
				36B89C7F1B351A6600EC78AB /* Application */,
				36B89C8F1B351DEE00EC78AB /* Models */,
				36B89C811B351A8300EC78AB /* Views */,
				36B89CBD1B3525CD00EC78AB /* Routing */,
				36B89CB91B351FEE00EC78AB /* Libraries */,
			);
			name = Classes;
			sourceTree = "<group>";
		};
		36B89C811B351A8300EC78AB /* Views */ = {
			isa = PBXGroup;
			children = (
				36B89CBA1B35211300EC78AB /* Tale */,
			);
			name = Views;
			sourceTree = "<group>";
		};
		36B89C821B351A9800EC78AB /* Resources */ = {
			isa = PBXGroup;
			children = (
				36B89C661B351A3C00EC78AB /* Images.xcassets */,
				36B89C681B351A3C00EC78AB /* LaunchScreen.xib */,
			);
			name = Resources;
			sourceTree = "<group>";
		};
		36B89C8F1B351DEE00EC78AB /* Models */ = {
			isa = PBXGroup;
			children = (
				36B89C901B351E3C00EC78AB /* PhotoBoard.xcdatamodeld */,
			);
			name = Models;
			sourceTree = "<group>";
		};
		36B89C931B351FA000EC78AB /* ELCImagePicker */ = {
			isa = PBXGroup;
			children = (
				36B89C941B351FB500EC78AB /* ELCAlbumPickerController.h */,
				36B89C951B351FB500EC78AB /* ELCAlbumPickerController.m */,
				36B89C961B351FB500EC78AB /* ELCAsset.h */,
				36B89C971B351FB500EC78AB /* ELCAsset.m */,
				36B89C981B351FB500EC78AB /* ELCAssetCell.h */,
				36B89C991B351FB500EC78AB /* ELCAssetCell.m */,
				36B89C9A1B351FB500EC78AB /* ELCAssetPickerFilterDelegate.h */,
				36B89C9B1B351FB500EC78AB /* ELCAssetSelectionDelegate.h */,
				36B89C9C1B351FB500EC78AB /* ELCAssetTablePicker.h */,
				36B89C9D1B351FB500EC78AB /* ELCAssetTablePicker.m */,
				36B89C9E1B351FB500EC78AB /* ELCConsole.h */,
				36B89C9F1B351FB500EC78AB /* ELCConsole.m */,
				36B89CA01B351FB500EC78AB /* ELCImagePickerController.h */,
				36B89CA11B351FB500EC78AB /* ELCImagePickerController.m */,
				36B89CA21B351FB500EC78AB /* ELCImagePickerHeader.h */,
				36B89CA31B351FB500EC78AB /* ELCOverlayImageView.h */,
				36B89CA41B351FB500EC78AB /* ELCOverlayImageView.m */,
				36B89CB81B351FD500EC78AB /* Resources */,
			);
			name = ELCImagePicker;
			sourceTree = "<group>";
		};
		36B89CB81B351FD500EC78AB /* Resources */ = {
			isa = PBXGroup;
			children = (
				36B89CAE1B351FCF00EC78AB /* ELCAlbumPickerController.xib */,
				36B89CAF1B351FCF00EC78AB /* ELCAssetPicker.xib */,
				36B89CB01B351FCF00EC78AB /* ELCAssetTablePicker.xib */,
				36B89CB11B351FCF00EC78AB /* Overlay.png */,
				36B89CB21B351FCF00EC78AB /* Overlay@2x.png */,
			);
			name = Resources;
			sourceTree = "<group>";
		};
		36B89CB91B351FEE00EC78AB /* Libraries */ = {
			isa = PBXGroup;
			children = (
				36B89C931B351FA000EC78AB /* ELCImagePicker */,
			);
			name = Libraries;
			sourceTree = "<group>";
		};
		36B89CBA1B35211300EC78AB /* Tale */ = {
			isa = PBXGroup;
			children = (
				36B89C631B351A3C00EC78AB /* PBTale.storyboard */,
				36B89CBB1B35211F00EC78AB /* List */,
				36B89CBC1B35217700EC78AB /* Detail */,
			);
			name = Tale;
			sourceTree = "<group>";
		};
		36B89CBB1B35211F00EC78AB /* List */ = {
			isa = PBXGroup;
			children = (
				36B89C861B351B8500EC78AB /* PBTaleListViewController.h */,
				36B89C871B351B8500EC78AB /* PBTaleListViewController.m */,
			);
			name = List;
			sourceTree = "<group>";
		};
		36B89CBC1B35217700EC78AB /* Detail */ = {
			isa = PBXGroup;
			children = (
			);
			name = Detail;
			sourceTree = "<group>";
		};
		36B89CBD1B3525CD00EC78AB /* Routing */ = {
			isa = PBXGroup;
			children = (
				36B89CBE1B3525F200EC78AB /* PBWireframe.h */,
				36B89CBF1B3525F200EC78AB /* PBWireframe.m */,
			);
			name = Routing;
			sourceTree = "<group>";
		};
/* End PBXGroup section */

/* Begin PBXNativeTarget section */
		36B89C551B351A3C00EC78AB /* PhotoBoard */ = {
			isa = PBXNativeTarget;
			buildConfigurationList = 36B89C791B351A3C00EC78AB /* Build configuration list for PBXNativeTarget "PhotoBoard" */;
			buildPhases = (
				36B89C521B351A3C00EC78AB /* Sources */,
				36B89C531B351A3C00EC78AB /* Frameworks */,
				36B89C541B351A3C00EC78AB /* Resources */,
			);
			buildRules = (
			);
			dependencies = (
			);
			name = PhotoBoard;
			productName = PhotoBoard;
			productReference = 36B89C561B351A3C00EC78AB /* PhotoBoard.app */;
			productType = "com.apple.product-type.application";
		};
		36B89C6E1B351A3C00EC78AB /* PhotoBoardTests */ = {
			isa = PBXNativeTarget;
			buildConfigurationList = 36B89C7C1B351A3C00EC78AB /* Build configuration list for PBXNativeTarget "PhotoBoardTests" */;
			buildPhases = (
				36B89C6B1B351A3C00EC78AB /* Sources */,
				36B89C6C1B351A3C00EC78AB /* Frameworks */,
				36B89C6D1B351A3C00EC78AB /* Resources */,
			);
			buildRules = (
			);
			dependencies = (
				36B89C711B351A3C00EC78AB /* PBXTargetDependency */,
			);
			name = PhotoBoardTests;
			productName = PhotoBoardTests;
			productReference = 36B89C6F1B351A3C00EC78AB /* PhotoBoardTests.xctest */;
			productType = "com.apple.product-type.bundle.unit-test";
		};
/* End PBXNativeTarget section */

/* Begin PBXProject section */
		36B89C4E1B351A3B00EC78AB /* Project object */ = {
			isa = PBXProject;
			attributes = {
				LastUpgradeCheck = 0630;
				ORGANIZATIONNAME = Jaret;
				TargetAttributes = {
					36B89C551B351A3C00EC78AB = {
						CreatedOnToolsVersion = 6.3.2;
					};
					36B89C6E1B351A3C00EC78AB = {
						CreatedOnToolsVersion = 6.3.2;
						TestTargetID = 36B89C551B351A3C00EC78AB;
					};
				};
			};
			buildConfigurationList = 36B89C511B351A3B00EC78AB /* Build configuration list for PBXProject "PhotoBoard" */;
			compatibilityVersion = "Xcode 3.2";
			developmentRegion = English;
			hasScannedForEncodings = 0;
			knownRegions = (
				en,
				Base,
			);
			mainGroup = 36B89C4D1B351A3B00EC78AB;
			productRefGroup = 36B89C571B351A3C00EC78AB /* Products */;
			projectDirPath = "";
			projectRoot = "";
			targets = (
				36B89C551B351A3C00EC78AB /* PhotoBoard */,
				36B89C6E1B351A3C00EC78AB /* PhotoBoardTests */,
			);
		};
/* End PBXProject section */

/* Begin PBXResourcesBuildPhase section */
		36B89C541B351A3C00EC78AB /* Resources */ = {
			isa = PBXResourcesBuildPhase;
			buildActionMask = 2147483647;
			files = (
				36B89CB51B351FCF00EC78AB /* ELCAssetTablePicker.xib in Resources */,
				36B89CB31B351FCF00EC78AB /* ELCAlbumPickerController.xib in Resources */,
				36B89CB61B351FCF00EC78AB /* Overlay.png in Resources */,
				36B89C651B351A3C00EC78AB /* PBTale.storyboard in Resources */,
				36B89C6A1B351A3C00EC78AB /* LaunchScreen.xib in Resources */,
				36B89CB71B351FCF00EC78AB /* Overlay@2x.png in Resources */,
				36B89C671B351A3C00EC78AB /* Images.xcassets in Resources */,
				36B89CB41B351FCF00EC78AB /* ELCAssetPicker.xib in Resources */,
			);
			runOnlyForDeploymentPostprocessing = 0;
		};
		36B89C6D1B351A3C00EC78AB /* Resources */ = {
			isa = PBXResourcesBuildPhase;
			buildActionMask = 2147483647;
			files = (
			);
			runOnlyForDeploymentPostprocessing = 0;
		};
/* End PBXResourcesBuildPhase section */

/* Begin PBXSourcesBuildPhase section */
		36B89C521B351A3C00EC78AB /* Sources */ = {
			isa = PBXSourcesBuildPhase;
			buildActionMask = 2147483647;
			files = (
				36B89CA81B351FB500EC78AB /* ELCAssetCell.m in Sources */,
				36B89CAC1B351FB500EC78AB /* ELCOverlayImageView.m in Sources */,
				36B89CA61B351FB500EC78AB /* ELCAlbumPickerController.m in Sources */,
				36B89CAB1B351FB500EC78AB /* ELCImagePickerController.m in Sources */,
				36B89CC01B3525F200EC78AB /* PBWireframe.m in Sources */,
				36B89CAA1B351FB500EC78AB /* ELCConsole.m in Sources */,
				36B89CA91B351FB500EC78AB /* ELCAssetTablePicker.m in Sources */,
				36B89CA71B351FB500EC78AB /* ELCAsset.m in Sources */,
				36B89C881B351B8500EC78AB /* PBTaleListViewController.m in Sources */,
				36B89C921B351E3C00EC78AB /* PhotoBoard.xcdatamodeld in Sources */,
				36B89C8C1B351B9000EC78AB /* main.m in Sources */,
				36B89C851B351B7C00EC78AB /* AppDelegate.m in Sources */,
			);
			runOnlyForDeploymentPostprocessing = 0;
		};
		36B89C6B1B351A3C00EC78AB /* Sources */ = {
			isa = PBXSourcesBuildPhase;
			buildActionMask = 2147483647;
			files = (
				36B89C761B351A3C00EC78AB /* PhotoBoardTests.m in Sources */,
			);
			runOnlyForDeploymentPostprocessing = 0;
		};
/* End PBXSourcesBuildPhase section */

/* Begin PBXTargetDependency section */
		36B89C711B351A3C00EC78AB /* PBXTargetDependency */ = {
			isa = PBXTargetDependency;
			target = 36B89C551B351A3C00EC78AB /* PhotoBoard */;
			targetProxy = 36B89C701B351A3C00EC78AB /* PBXContainerItemProxy */;
		};
/* End PBXTargetDependency section */

/* Begin PBXVariantGroup section */
		36B89C631B351A3C00EC78AB /* PBTale.storyboard */ = {
			isa = PBXVariantGroup;
			children = (
				36B89C641B351A3C00EC78AB /* Base */,
			);
			name = PBTale.storyboard;
			sourceTree = "<group>";
		};
		36B89C681B351A3C00EC78AB /* LaunchScreen.xib */ = {
			isa = PBXVariantGroup;
			children = (
				36B89C691B351A3C00EC78AB /* Base */,
			);
			name = LaunchScreen.xib;
			sourceTree = "<group>";
		};
/* End PBXVariantGroup section */

/* Begin XCBuildConfiguration section */
		36B89C771B351A3C00EC78AB /* Debug */ = {
			isa = XCBuildConfiguration;
			buildSettings = {
				ALWAYS_SEARCH_USER_PATHS = NO;
				CLANG_CXX_LANGUAGE_STANDARD = "gnu++0x";
				CLANG_CXX_LIBRARY = "libc++";
				CLANG_ENABLE_MODULES = YES;
				CLANG_ENABLE_OBJC_ARC = YES;
				CLANG_WARN_BOOL_CONVERSION = YES;
				CLANG_WARN_CONSTANT_CONVERSION = YES;
				CLANG_WARN_DIRECT_OBJC_ISA_USAGE = YES_ERROR;
				CLANG_WARN_EMPTY_BODY = YES;
				CLANG_WARN_ENUM_CONVERSION = YES;
				CLANG_WARN_INT_CONVERSION = YES;
				CLANG_WARN_OBJC_ROOT_CLASS = YES_ERROR;
				CLANG_WARN_UNREACHABLE_CODE = YES;
				CLANG_WARN__DUPLICATE_METHOD_MATCH = YES;
				"CODE_SIGN_IDENTITY[sdk=iphoneos*]" = "iPhone Developer";
				COPY_PHASE_STRIP = NO;
				DEBUG_INFORMATION_FORMAT = "dwarf-with-dsym";
				ENABLE_STRICT_OBJC_MSGSEND = YES;
				GCC_C_LANGUAGE_STANDARD = gnu99;
				GCC_DYNAMIC_NO_PIC = NO;
				GCC_NO_COMMON_BLOCKS = YES;
				GCC_OPTIMIZATION_LEVEL = 0;
				GCC_PREPROCESSOR_DEFINITIONS = (
					"DEBUG=1",
					"$(inherited)",
				);
				GCC_SYMBOLS_PRIVATE_EXTERN = NO;
				GCC_WARN_64_TO_32_BIT_CONVERSION = YES;
				GCC_WARN_ABOUT_RETURN_TYPE = YES_ERROR;
				GCC_WARN_UNDECLARED_SELECTOR = YES;
				GCC_WARN_UNINITIALIZED_AUTOS = YES_AGGRESSIVE;
				GCC_WARN_UNUSED_FUNCTION = YES;
				GCC_WARN_UNUSED_VARIABLE = YES;
				IPHONEOS_DEPLOYMENT_TARGET = 8.3;
				MTL_ENABLE_DEBUG_INFO = YES;
				ONLY_ACTIVE_ARCH = YES;
				SDKROOT = iphoneos;
			};
			name = Debug;
		};
		36B89C781B351A3C00EC78AB /* Release */ = {
			isa = XCBuildConfiguration;
			buildSettings = {
				ALWAYS_SEARCH_USER_PATHS = NO;
				CLANG_CXX_LANGUAGE_STANDARD = "gnu++0x";
				CLANG_CXX_LIBRARY = "libc++";
				CLANG_ENABLE_MODULES = YES;
				CLANG_ENABLE_OBJC_ARC = YES;
				CLANG_WARN_BOOL_CONVERSION = YES;
				CLANG_WARN_CONSTANT_CONVERSION = YES;
				CLANG_WARN_DIRECT_OBJC_ISA_USAGE = YES_ERROR;
				CLANG_WARN_EMPTY_BODY = YES;
				CLANG_WARN_ENUM_CONVERSION = YES;
				CLANG_WARN_INT_CONVERSION = YES;
				CLANG_WARN_OBJC_ROOT_CLASS = YES_ERROR;
				CLANG_WARN_UNREACHABLE_CODE = YES;
				CLANG_WARN__DUPLICATE_METHOD_MATCH = YES;
				"CODE_SIGN_IDENTITY[sdk=iphoneos*]" = "iPhone Developer";
				COPY_PHASE_STRIP = NO;
				DEBUG_INFORMATION_FORMAT = "dwarf-with-dsym";
				ENABLE_NS_ASSERTIONS = NO;
				ENABLE_STRICT_OBJC_MSGSEND = YES;
				GCC_C_LANGUAGE_STANDARD = gnu99;
				GCC_NO_COMMON_BLOCKS = YES;
				GCC_WARN_64_TO_32_BIT_CONVERSION = YES;
				GCC_WARN_ABOUT_RETURN_TYPE = YES_ERROR;
				GCC_WARN_UNDECLARED_SELECTOR = YES;
				GCC_WARN_UNINITIALIZED_AUTOS = YES_AGGRESSIVE;
				GCC_WARN_UNUSED_FUNCTION = YES;
				GCC_WARN_UNUSED_VARIABLE = YES;
				IPHONEOS_DEPLOYMENT_TARGET = 8.3;
				MTL_ENABLE_DEBUG_INFO = NO;
				SDKROOT = iphoneos;
				VALIDATE_PRODUCT = YES;
			};
			name = Release;
		};
		36B89C7A1B351A3C00EC78AB /* Debug */ = {
			isa = XCBuildConfiguration;
			buildSettings = {
				ASSETCATALOG_COMPILER_APPICON_NAME = AppIcon;
				INFOPLIST_FILE = PhotoBoard/SupportingFiles/Info.plist;
				LD_RUNPATH_SEARCH_PATHS = "$(inherited) @executable_path/Frameworks";
				PRODUCT_NAME = "$(TARGET_NAME)";
			};
			name = Debug;
		};
		36B89C7B1B351A3C00EC78AB /* Release */ = {
			isa = XCBuildConfiguration;
			buildSettings = {
				ASSETCATALOG_COMPILER_APPICON_NAME = AppIcon;
				INFOPLIST_FILE = PhotoBoard/SupportingFiles/Info.plist;
				LD_RUNPATH_SEARCH_PATHS = "$(inherited) @executable_path/Frameworks";
				PRODUCT_NAME = "$(TARGET_NAME)";
			};
			name = Release;
		};
		36B89C7D1B351A3C00EC78AB /* Debug */ = {
			isa = XCBuildConfiguration;
			buildSettings = {
				BUNDLE_LOADER = "$(TEST_HOST)";
				FRAMEWORK_SEARCH_PATHS = (
					"$(SDKROOT)/Developer/Library/Frameworks",
					"$(inherited)",
				);
				GCC_PREPROCESSOR_DEFINITIONS = (
					"DEBUG=1",
					"$(inherited)",
				);
				INFOPLIST_FILE = PhotoBoardTests/Info.plist;
				LD_RUNPATH_SEARCH_PATHS = "$(inherited) @executable_path/Frameworks @loader_path/Frameworks";
				PRODUCT_NAME = "$(TARGET_NAME)";
				TEST_HOST = "$(BUILT_PRODUCTS_DIR)/PhotoBoard.app/PhotoBoard";
			};
			name = Debug;
		};
		36B89C7E1B351A3C00EC78AB /* Release */ = {
			isa = XCBuildConfiguration;
			buildSettings = {
				BUNDLE_LOADER = "$(TEST_HOST)";
				FRAMEWORK_SEARCH_PATHS = (
					"$(SDKROOT)/Developer/Library/Frameworks",
					"$(inherited)",
				);
				INFOPLIST_FILE = PhotoBoardTests/Info.plist;
				LD_RUNPATH_SEARCH_PATHS = "$(inherited) @executable_path/Frameworks @loader_path/Frameworks";
				PRODUCT_NAME = "$(TARGET_NAME)";
				TEST_HOST = "$(BUILT_PRODUCTS_DIR)/PhotoBoard.app/PhotoBoard";
			};
			name = Release;
		};
/* End XCBuildConfiguration section */

/* Begin XCConfigurationList section */
		36B89C511B351A3B00EC78AB /* Build configuration list for PBXProject "PhotoBoard" */ = {
			isa = XCConfigurationList;
			buildConfigurations = (
				36B89C771B351A3C00EC78AB /* Debug */,
				36B89C781B351A3C00EC78AB /* Release */,
			);
			defaultConfigurationIsVisible = 0;
			defaultConfigurationName = Release;
		};
		36B89C791B351A3C00EC78AB /* Build configuration list for PBXNativeTarget "PhotoBoard" */ = {
			isa = XCConfigurationList;
			buildConfigurations = (
				36B89C7A1B351A3C00EC78AB /* Debug */,
				36B89C7B1B351A3C00EC78AB /* Release */,
			);
			defaultConfigurationIsVisible = 0;
		};
		36B89C7C1B351A3C00EC78AB /* Build configuration list for PBXNativeTarget "PhotoBoardTests" */ = {
			isa = XCConfigurationList;
			buildConfigurations = (
				36B89C7D1B351A3C00EC78AB /* Debug */,
				36B89C7E1B351A3C00EC78AB /* Release */,
			);
			defaultConfigurationIsVisible = 0;
		};
/* End XCConfigurationList section */

/* Begin XCVersionGroup section */
		36B89C901B351E3C00EC78AB /* PhotoBoard.xcdatamodeld */ = {
			isa = XCVersionGroup;
			children = (
				36B89C911B351E3C00EC78AB /* PhotoBoard.xcdatamodel */,
			);
			currentVersion = 36B89C911B351E3C00EC78AB /* PhotoBoard.xcdatamodel */;
			name = PhotoBoard.xcdatamodeld;
			path = SupportingFiles/PhotoBoard.xcdatamodeld;
			sourceTree = "<group>";
			versionGroupType = wrapper.xcdatamodel;
		};
/* End XCVersionGroup section */
	};
	rootObject = 36B89C4E1B351A3B00EC78AB /* Project object */;
}
